// !$*UTF8*$!
{
	archiveVersion = 1;
	classes = {
	};
	objectVersion = 47;
	objects = {

/* Begin PBXBuildFile section */
		1654C7771C7CFE7700C43BF4 /* HarmonizerViewController+AUAudioUnitFactory.m in Sources */ = {isa = PBXBuildFile; fileRef = 92FF86961B9F52DB007C9389 /* HarmonizerViewController+AUAudioUnitFactory.m */; };
		30C0135B1C6D303D00F7E9B4 /* Images.xcassets in Resources */ = {isa = PBXBuildFile; fileRef = 30C0135A1C6D303D00F7E9B4 /* Images.xcassets */; };
		91236D101B08F42B00734C5E /* AppDelegate.swift in Sources */ = {isa = PBXBuildFile; fileRef = 91236D0F1B08F42B00734C5E /* AppDelegate.swift */; };
		91236D121B08F42B00734C5E /* ViewController.swift in Sources */ = {isa = PBXBuildFile; fileRef = 91236D111B08F42B00734C5E /* ViewController.swift */; };
		91236D151B08F42B00734C5E /* Main.storyboard in Resources */ = {isa = PBXBuildFile; fileRef = 91236D131B08F42B00734C5E /* Main.storyboard */; };
		91236D1A1B08F42B00734C5E /* LaunchScreen.storyboard in Resources */ = {isa = PBXBuildFile; fileRef = 91236D181B08F42B00734C5E /* LaunchScreen.storyboard */; };
		91236D581B08F52D00734C5E /* HarmonizerFramework.h in Headers */ = {isa = PBXBuildFile; fileRef = 91236D571B08F52D00734C5E /* HarmonizerFramework.h */; settings = {ATTRIBUTES = (Public, ); }; };
		91236D811B08F59300734C5E /* HarmonizerExtension.appex in Embed App Extensions */ = {isa = PBXBuildFile; fileRef = 91236D771B08F59300734C5E /* HarmonizerExtension.appex */; settings = {ATTRIBUTES = (RemoveHeadersOnCopy, ); }; };
		91236D8A1B08F66200734C5E /* SimplePlayEngine.swift in Sources */ = {isa = PBXBuildFile; fileRef = 91236D871B08F66200734C5E /* SimplePlayEngine.swift */; };
		91236D8E1B08FB0300734C5E /* AUv3Harmonizer.mm in Sources */ = {isa = PBXBuildFile; fileRef = 91236D8D1B08FB0300734C5E /* AUv3Harmonizer.mm */; };
		91236D921B09439200734C5E /* HarmonizerViewController+AUAudioUnitFactory.swift in Sources */ = {isa = PBXBuildFile; fileRef = 91236D911B09439200734C5E /* HarmonizerViewController+AUAudioUnitFactory.swift */; };
		916233C91B127A5000DBD15D /* MainInterface.storyboard in Resources */ = {isa = PBXBuildFile; fileRef = 916233C71B127A5000DBD15D /* MainInterface.storyboard */; };
		91A9356B1B1269F100370383 /* HarmonizerView.swift in Sources */ = {isa = PBXBuildFile; fileRef = 91A9356A1B1269F100370383 /* HarmonizerView.swift */; };
		91B6ED7E1B1380220001FCE7 /* drumLoop.caf in Resources */ = {isa = PBXBuildFile; fileRef = 91B6ED7C1B137FFF0001FCE7 /* drumLoop.caf */; };
		9228D9AF1BA1EE6F00EDDEA4 /* drumLoop.caf in Resources */ = {isa = PBXBuildFile; fileRef = 91B6ED7C1B137FFF0001FCE7 /* drumLoop.caf */; };
		923B43DD1BA0F04B0020FBB4 /* Main.storyboard in Resources */ = {isa = PBXBuildFile; fileRef = 923B43DB1BA0F04B0020FBB4 /* Main.storyboard */; };
		927A95A41B1D4043007C1F90 /* HarmonizerViewController.swift in Sources */ = {isa = PBXBuildFile; fileRef = 9152BF241B09567700D8C6A4 /* HarmonizerViewController.swift */; };
		92AA8D601B1D28D6002C3CA1 /* Harmonizer.h in Headers */ = {isa = PBXBuildFile; fileRef = 92AA8D5F1B1D25E6002C3CA1 /* Harmonizer.h */; settings = {ATTRIBUTES = (Public, ); }; };
		92FF864F1B9A4D97007C9389 /* AppDelegate.m in Sources */ = {isa = PBXBuildFile; fileRef = 92FF864E1B9A4D97007C9389 /* AppDelegate.m */; };
		92FF86521B9A4D97007C9389 /* main.m in Sources */ = {isa = PBXBuildFile; fileRef = 92FF86511B9A4D97007C9389 /* main.m */; };
		92FF86541B9A4D97007C9389 /* Assets.xcassets in Resources */ = {isa = PBXBuildFile; fileRef = 92FF86531B9A4D97007C9389 /* Assets.xcassets */; };
		92FF865E1B9A51BD007C9389 /* ViewController.m in Sources */ = {isa = PBXBuildFile; fileRef = 92FF865D1B9A51BC007C9389 /* ViewController.m */; };
		92FF869C1B9F572B007C9389 /* FilterDemoFramework.framework in Frameworks */ = {isa = PBXBuildFile; fileRef = 92FF86801B9F4EDA007C9389 /* FilterDemoFramework.framework */; };
		C902E6D4242956DE008CC016 /* MainMenuTableViewController.swift in Sources */ = {isa = PBXBuildFile; fileRef = C902E6D3242956DE008CC016 /* MainMenuTableViewController.swift */; };
		C90D4BFE244A6A90006C9420 /* InterfaceDelegate.swift in Sources */ = {isa = PBXBuildFile; fileRef = C93ACE53244A67E1009D6D09 /* InterfaceDelegate.swift */; };
		C91216C3206998D200E6BB57 /* PresetController.swift in Sources */ = {isa = PBXBuildFile; fileRef = C91216C2206998D200E6BB57 /* PresetController.swift */; };
		C918EC6924BF9D0F009A9984 /* HarmonizerFramework.framework in Frameworks */ = {isa = PBXBuildFile; fileRef = 91236D551B08F52D00734C5E /* HarmonizerFramework.framework */; };
		C918EC6C24BF9D20009A9984 /* HarmonizerFramework.framework in Frameworks */ = {isa = PBXBuildFile; fileRef = 91236D551B08F52D00734C5E /* HarmonizerFramework.framework */; };
		C918EC6D24BF9D20009A9984 /* HarmonizerFramework.framework in Embed Frameworks */ = {isa = PBXBuildFile; fileRef = 91236D551B08F52D00734C5E /* HarmonizerFramework.framework */; settings = {ATTRIBUTES = (CodeSignOnCopy, RemoveHeadersOnCopy, ); }; };
		C9280B55243A8D00002C9ED3 /* FilesTableViewCell.swift in Sources */ = {isa = PBXBuildFile; fileRef = C9A4430B24290D2400D4BB52 /* FilesTableViewCell.swift */; };
		C9280B56243A8D06002C9ED3 /* FilesTableViewController.swift in Sources */ = {isa = PBXBuildFile; fileRef = C9A443092428438800D4BB52 /* FilesTableViewController.swift */; };
		C9280B57243A8D63002C9ED3 /* FilesTableViewController.swift in Sources */ = {isa = PBXBuildFile; fileRef = C9A443092428438800D4BB52 /* FilesTableViewController.swift */; };
		C9280B58243A8D67002C9ED3 /* FilesTableViewCell.swift in Sources */ = {isa = PBXBuildFile; fileRef = C9A4430B24290D2400D4BB52 /* FilesTableViewCell.swift */; };
		C92AB161205FF47400BEE933 /* HarmonizerVoicesView.swift in Sources */ = {isa = PBXBuildFile; fileRef = C92AB160205FF47400BEE933 /* HarmonizerVoicesView.swift */; };
		C92AB162205FF47400BEE933 /* HarmonizerVoicesView.swift in Sources */ = {isa = PBXBuildFile; fileRef = C92AB160205FF47400BEE933 /* HarmonizerVoicesView.swift */; };
		C93163531FBCE9A400EE1762 /* HarmButton.swift in Sources */ = {isa = PBXBuildFile; fileRef = C93163511FBCE81D00EE1762 /* HarmButton.swift */; };
		C93FE6D4243B8CE20068B036 /* ItunesArtwork.png in Resources */ = {isa = PBXBuildFile; fileRef = C93FE6D3243B8CE20068B036 /* ItunesArtwork.png */; };
		C93FE6D6243B8DC00068B036 /* SplashViewController.swift in Sources */ = {isa = PBXBuildFile; fileRef = C93FE6D5243B8DC00068B036 /* SplashViewController.swift */; };
		C946818E2190F2B10055AA80 /* MidiReceiver.swift in Sources */ = {isa = PBXBuildFile; fileRef = C946818D2190F2B10055AA80 /* MidiReceiver.swift */; };
		C946818F2190F2B10055AA80 /* MidiReceiver.swift in Sources */ = {isa = PBXBuildFile; fileRef = C946818D2190F2B10055AA80 /* MidiReceiver.swift */; };
		C94681902190F2B10055AA80 /* MidiReceiver.swift in Sources */ = {isa = PBXBuildFile; fileRef = C946818D2190F2B10055AA80 /* MidiReceiver.swift */; };
		C94738271FAA5C0F002C8B3D /* ConfigViewController.swift in Sources */ = {isa = PBXBuildFile; fileRef = C94738261FAA5C0E002C8B3D /* ConfigViewController.swift */; };
		C94FC87C202C96F70009E742 /* AppIcon.appiconset in Resources */ = {isa = PBXBuildFile; fileRef = C94FC87B202C96F60009E742 /* AppIcon.appiconset */; };
		C9510F231FD5E9110000BAC8 /* AudioEngine2.swift in Sources */ = {isa = PBXBuildFile; fileRef = C9510F221FD5E9110000BAC8 /* AudioEngine2.swift */; };
		C9657D11243BABBC00D4EAEE /* midi.png in Resources */ = {isa = PBXBuildFile; fileRef = C9657D10243BABBC00D4EAEE /* midi.png */; };
		C9657D12243BABBC00D4EAEE /* midi.png in Resources */ = {isa = PBXBuildFile; fileRef = C9657D10243BABBC00D4EAEE /* midi.png */; };
		C96ED35D24312ED10059BBB8 /* AUParameterTableViewCell.swift in Sources */ = {isa = PBXBuildFile; fileRef = C96ED35C24312ED10059BBB8 /* AUParameterTableViewCell.swift */; };
		C96F203C20D7D3B200F43D90 /* BaseView.swift in Sources */ = {isa = PBXBuildFile; fileRef = C96F203B20D7D3B200F43D90 /* BaseView.swift */; };
		C96F203D20D7D3B200F43D90 /* BaseView.swift in Sources */ = {isa = PBXBuildFile; fileRef = C96F203B20D7D3B200F43D90 /* BaseView.swift */; };
		C96F204220D80B7A00F43D90 /* HarmTableViewCell.swift in Sources */ = {isa = PBXBuildFile; fileRef = C96F204120D80B7A00F43D90 /* HarmTableViewCell.swift */; };
		C96F204320D80B7A00F43D90 /* HarmTableViewCell.swift in Sources */ = {isa = PBXBuildFile; fileRef = C96F204120D80B7A00F43D90 /* HarmTableViewCell.swift */; };
		C96F204520D85CF200F43D90 /* HarmPageViewController.swift in Sources */ = {isa = PBXBuildFile; fileRef = C96F204420D85CF200F43D90 /* HarmPageViewController.swift */; };
		C96F204620D8606B00F43D90 /* HarmPageViewController.swift in Sources */ = {isa = PBXBuildFile; fileRef = C96F204420D85CF200F43D90 /* HarmPageViewController.swift */; };
		C96F204720D9C1CC00F43D90 /* Images.xcassets in Resources */ = {isa = PBXBuildFile; fileRef = 30C0135A1C6D303D00F7E9B4 /* Images.xcassets */; };
		C96F204920DB02E400F43D90 /* HarmParameterTableView.swift in Sources */ = {isa = PBXBuildFile; fileRef = C96F204820DB02E400F43D90 /* HarmParameterTableView.swift */; };
		C96F204B20DB032B00F43D90 /* HarmParameterTableViewCell.swift in Sources */ = {isa = PBXBuildFile; fileRef = C96F204A20DB032B00F43D90 /* HarmParameterTableViewCell.swift */; };
		C96F204D20DB042800F43D90 /* SettingsViewController.swift in Sources */ = {isa = PBXBuildFile; fileRef = C96F204C20DB042800F43D90 /* SettingsViewController.swift */; };
		C96F204F20DC066700F43D90 /* ConfigNavigationController.swift in Sources */ = {isa = PBXBuildFile; fileRef = C96F204E20DC066700F43D90 /* ConfigNavigationController.swift */; };
		C971B43720FA92A40070F477 /* LabelButton.swift in Sources */ = {isa = PBXBuildFile; fileRef = C971B43620FA92A40070F477 /* LabelButton.swift */; };
		C971B43920FE2F710070F477 /* PresetSaveViewController.swift in Sources */ = {isa = PBXBuildFile; fileRef = C971B43820FE2F710070F477 /* PresetSaveViewController.swift */; };
		C971B43B2100CECC0070F477 /* HarmonizrMainViewController.swift in Sources */ = {isa = PBXBuildFile; fileRef = C971B43A2100CECC0070F477 /* HarmonizrMainViewController.swift */; };
		C97B07E322275B7F002FAB96 /* AuSettingsTableViewController.swift in Sources */ = {isa = PBXBuildFile; fileRef = C97B07E222275B7F002FAB96 /* AuSettingsTableViewController.swift */; };
		C97F1B8020D41121001C26E1 /* ColorTheme.swift in Sources */ = {isa = PBXBuildFile; fileRef = C97F1B7F20D41121001C26E1 /* ColorTheme.swift */; };
		C97F1B8220D58260001C26E1 /* AppIcon.appiconset in Resources */ = {isa = PBXBuildFile; fileRef = C94FC87B202C96F60009E742 /* AppIcon.appiconset */; };
		C97F1B8320D58261001C26E1 /* AppIcon.appiconset in Resources */ = {isa = PBXBuildFile; fileRef = C94FC87B202C96F60009E742 /* AppIcon.appiconset */; };
		C980DB4723077725009BFE25 /* vorbis_lpc.c in Sources */ = {isa = PBXBuildFile; fileRef = C980DB4523077725009BFE25 /* vorbis_lpc.c */; };
		C980DB4823077725009BFE25 /* vorbis_lpc.c in Sources */ = {isa = PBXBuildFile; fileRef = C980DB4523077725009BFE25 /* vorbis_lpc.c */; };
		C980DB4923077725009BFE25 /* vorbis_lpc.h in Headers */ = {isa = PBXBuildFile; fileRef = C980DB4623077725009BFE25 /* vorbis_lpc.h */; };
		C98B855624BD0065006120A4 /* FilterDemoViewController.m in Sources */ = {isa = PBXBuildFile; fileRef = C98B854D24BD0064006120A4 /* FilterDemoViewController.m */; };
		C98B855724BD0065006120A4 /* FilterView.m in Sources */ = {isa = PBXBuildFile; fileRef = C98B854E24BD0065006120A4 /* FilterView.m */; };
		C994EB19210FF2B3000715F8 /* AudioToolbox.framework in Frameworks */ = {isa = PBXBuildFile; fileRef = C994EB18210FF2B3000715F8 /* AudioToolbox.framework */; };
		C994EB1B210FF2DF000715F8 /* CoreData.framework in Frameworks */ = {isa = PBXBuildFile; fileRef = C994EB1A210FF2DF000715F8 /* CoreData.framework */; };
		C994EB1E21122C8A000715F8 /* PresetModel.xcdatamodeld in Sources */ = {isa = PBXBuildFile; fileRef = C994EB1C21122C8A000715F8 /* PresetModel.xcdatamodeld */; };
		C99BB9C72138D51000D32324 /* HarmonizerDSPKernel.hpp in Headers */ = {isa = PBXBuildFile; fileRef = C99BB9C62138D50F00D32324 /* HarmonizerDSPKernel.hpp */; };
		C99BB9CD2138D64A00D32324 /* DSPKernel.mm in Sources */ = {isa = PBXBuildFile; fileRef = C99BB9CC2138D64A00D32324 /* DSPKernel.mm */; };
		C9A1E35F2203B3350080CF3F /* DSPKernel.hpp in Headers */ = {isa = PBXBuildFile; fileRef = C9A1E35E2203B3350080CF3F /* DSPKernel.hpp */; };
		C9B549AC2306DF9800E48112 /* TestAudioData.h in Headers */ = {isa = PBXBuildFile; fileRef = C9B549AB2306DF9800E48112 /* TestAudioData.h */; };
		C9B6147A211BD49600396B8D /* PresetListViewController.swift in Sources */ = {isa = PBXBuildFile; fileRef = C9B61479211BD49600396B8D /* PresetListViewController.swift */; };
		C9C69F8924202D30007F1C90 /* AuParameterTableViewCell.swift in Sources */ = {isa = PBXBuildFile; fileRef = C9C69F8824202D30007F1C90 /* AuParameterTableViewCell.swift */; };
		C9C69F8A24202D30007F1C90 /* AuParameterTableViewCell.swift in Sources */ = {isa = PBXBuildFile; fileRef = C9C69F8824202D30007F1C90 /* AuParameterTableViewCell.swift */; };
		C9C759F8213048F1003DB1E2 /* PresetModel.xcdatamodeld in Sources */ = {isa = PBXBuildFile; fileRef = C994EB1C21122C8A000715F8 /* PresetModel.xcdatamodeld */; };
		C9C759F9213048F5003DB1E2 /* PresetModel.xcdatamodeld in Sources */ = {isa = PBXBuildFile; fileRef = C994EB1C21122C8A000715F8 /* PresetModel.xcdatamodeld */; };
		C9D1959421FFC604006ADB10 /* AudioUnit-BridgingHeader.h in Headers */ = {isa = PBXBuildFile; fileRef = C9D1959321FFC604006ADB10 /* AudioUnit-BridgingHeader.h */; };
		C9D2F8FE2071A5FA000783B2 /* CoreAudioKit.framework in Frameworks */ = {isa = PBXBuildFile; fileRef = C9D2F8FB2071A5FA000783B2 /* CoreAudioKit.framework */; };
		C9D2F8FF2071A5FA000783B2 /* Accelerate.framework in Frameworks */ = {isa = PBXBuildFile; fileRef = C9D2F8FC2071A5FA000783B2 /* Accelerate.framework */; };
		C9D2F9002071A5FA000783B2 /* CoreMIDI.framework in Frameworks */ = {isa = PBXBuildFile; fileRef = C9D2F8FD2071A5FA000783B2 /* CoreMIDI.framework */; };
		C9D2F9012071A617000783B2 /* Accelerate.framework in Frameworks */ = {isa = PBXBuildFile; fileRef = C9D2F8FC2071A5FA000783B2 /* Accelerate.framework */; };
		C9D2F9042071A617000783B2 /* AVFoundation.framework in Frameworks */ = {isa = PBXBuildFile; fileRef = C9D2F9032071A617000783B2 /* AVFoundation.framework */; };
		C9DFC5E5202F96E900CC776F /* InputViewController.swift in Sources */ = {isa = PBXBuildFile; fileRef = C9DFC5E4202F96E900CC776F /* InputViewController.swift */; };
		C9E48D9820DD457C00F36F9A /* Images.xcassets in Resources */ = {isa = PBXBuildFile; fileRef = 30C0135A1C6D303D00F7E9B4 /* Images.xcassets */; };
		C9EC31E62065B97D007835AB /* PresetFavoriteViewController.swift in Sources */ = {isa = PBXBuildFile; fileRef = C9EC31E52065B97D007835AB /* PresetFavoriteViewController.swift */; };
		C9FA08BD20B315D6003CC2EA /* KeyboardView.swift in Sources */ = {isa = PBXBuildFile; fileRef = C9FA08BC20B315D6003CC2EA /* KeyboardView.swift */; };
		C9FA08BE20B315D6003CC2EA /* KeyboardView.swift in Sources */ = {isa = PBXBuildFile; fileRef = C9FA08BC20B315D6003CC2EA /* KeyboardView.swift */; };
		C9FB18FF1FBC82DD00D36A5F /* ReverbViewController.swift in Sources */ = {isa = PBXBuildFile; fileRef = C9FB18FE1FBC82DD00D36A5F /* ReverbViewController.swift */; };
		C9FD73F41F8BC69D00346E31 /* Accelerate.framework in Frameworks */ = {isa = PBXBuildFile; fileRef = C9FD73F31F8BC69D00346E31 /* Accelerate.framework */; };
/* End PBXBuildFile section */

/* Begin PBXContainerItemProxy section */
		30AEE0CB1BA2395800302EB1 /* PBXContainerItemProxy */ = {
			isa = PBXContainerItemProxy;
			containerPortal = 91D3DA0C1B023C03008FFFBB /* Project object */;
			proxyType = 1;
			remoteGlobalIDString = 92FF867F1B9F4EDA007C9389;
			remoteInfo = FilterDemoFrameworkOSX;
		};
		91236D681B08F52E00734C5E /* PBXContainerItemProxy */ = {
			isa = PBXContainerItemProxy;
			containerPortal = 91D3DA0C1B023C03008FFFBB /* Project object */;
			proxyType = 1;
			remoteGlobalIDString = 91236D541B08F52D00734C5E;
			remoteInfo = "FilterDemoFramework-iOS";
		};
		91236D7F1B08F59300734C5E /* PBXContainerItemProxy */ = {
			isa = PBXContainerItemProxy;
			containerPortal = 91D3DA0C1B023C03008FFFBB /* Project object */;
			proxyType = 1;
			remoteGlobalIDString = 91236D761B08F59300734C5E;
			remoteInfo = "FilterDemoAppExtension-iOS";
		};
		9152BF261B0957AC00D8C6A4 /* PBXContainerItemProxy */ = {
			isa = PBXContainerItemProxy;
			containerPortal = 91D3DA0C1B023C03008FFFBB /* Project object */;
			proxyType = 1;
			remoteGlobalIDString = 91236D541B08F52D00734C5E;
			remoteInfo = "FilterDemoFramework-iOS";
		};
		C98B855D24BD0290006120A4 /* PBXContainerItemProxy */ = {
			isa = PBXContainerItemProxy;
			containerPortal = 91D3DA0C1B023C03008FFFBB /* Project object */;
			proxyType = 1;
			remoteGlobalIDString = 92FF86631B9A525C007C9389;
			remoteInfo = OSXFilterDemoAppExtension;
		};
		C98B856124BD0290006120A4 /* PBXContainerItemProxy */ = {
			isa = PBXContainerItemProxy;
			containerPortal = 91D3DA0C1B023C03008FFFBB /* Project object */;
			proxyType = 1;
			remoteGlobalIDString = 92FF867F1B9F4EDA007C9389;
			remoteInfo = OSXFilterDemoFramework;
		};
/* End PBXContainerItemProxy section */

/* Begin PBXCopyFilesBuildPhase section */
		91236D851B08F59300734C5E /* Embed App Extensions */ = {
			isa = PBXCopyFilesBuildPhase;
			buildActionMask = 2147483647;
			dstPath = "";
			dstSubfolderSpec = 13;
			files = (
				91236D811B08F59300734C5E /* HarmonizerExtension.appex in Embed App Extensions */,
			);
			name = "Embed App Extensions";
			runOnlyForDeploymentPostprocessing = 0;
		};
		C918EC6E24BF9D20009A9984 /* Embed Frameworks */ = {
			isa = PBXCopyFilesBuildPhase;
			buildActionMask = 2147483647;
			dstPath = "";
			dstSubfolderSpec = 10;
			files = (
				C918EC6D24BF9D20009A9984 /* HarmonizerFramework.framework in Embed Frameworks */,
			);
			name = "Embed Frameworks";
			runOnlyForDeploymentPostprocessing = 0;
		};
/* End PBXCopyFilesBuildPhase section */

/* Begin PBXFileReference section */
		164896A31C9259D400AB781D /* HarmonizerViewController+AUAudioUnitFactory.h */ = {isa = PBXFileReference; lastKnownFileType = sourcecode.c.h; path = "HarmonizerViewController+AUAudioUnitFactory.h"; sourceTree = "<group>"; };
		30C0135A1C6D303D00F7E9B4 /* Images.xcassets */ = {isa = PBXFileReference; lastKnownFileType = folder.assetcatalog; path = Images.xcassets; sourceTree = "<group>"; };
		3E8E032C1B16387D0011624B /* README.md */ = {isa = PBXFileReference; lastKnownFileType = net.daringfireball.markdown; name = README.md; path = ../README.md; sourceTree = "<group>"; };
		91236D0D1B08F42B00734C5E /* Harmonizer.app */ = {isa = PBXFileReference; explicitFileType = wrapper.application; includeInIndex = 0; path = Harmonizer.app; sourceTree = BUILT_PRODUCTS_DIR; };
		91236D0F1B08F42B00734C5E /* AppDelegate.swift */ = {isa = PBXFileReference; lastKnownFileType = sourcecode.swift; path = AppDelegate.swift; sourceTree = "<group>"; };
		91236D111B08F42B00734C5E /* ViewController.swift */ = {isa = PBXFileReference; lastKnownFileType = sourcecode.swift; path = ViewController.swift; sourceTree = "<group>"; };
		91236D141B08F42B00734C5E /* Base */ = {isa = PBXFileReference; lastKnownFileType = file.storyboard; name = Base; path = Base.lproj/Main.storyboard; sourceTree = "<group>"; };
		91236D191B08F42B00734C5E /* Base */ = {isa = PBXFileReference; lastKnownFileType = file.storyboard; name = Base; path = Base.lproj/LaunchScreen.storyboard; sourceTree = "<group>"; };
		91236D1B1B08F42B00734C5E /* Info.plist */ = {isa = PBXFileReference; lastKnownFileType = text.plist.xml; path = Info.plist; sourceTree = "<group>"; };
		91236D551B08F52D00734C5E /* HarmonizerFramework.framework */ = {isa = PBXFileReference; explicitFileType = wrapper.framework; includeInIndex = 0; path = HarmonizerFramework.framework; sourceTree = BUILT_PRODUCTS_DIR; };
		91236D571B08F52D00734C5E /* HarmonizerFramework.h */ = {isa = PBXFileReference; lastKnownFileType = sourcecode.c.h; path = HarmonizerFramework.h; sourceTree = "<group>"; };
		91236D591B08F52D00734C5E /* Info.plist */ = {isa = PBXFileReference; lastKnownFileType = text.plist.xml; path = Info.plist; sourceTree = "<group>"; };
		91236D771B08F59300734C5E /* HarmonizerExtension.appex */ = {isa = PBXFileReference; explicitFileType = "wrapper.app-extension"; includeInIndex = 0; path = HarmonizerExtension.appex; sourceTree = BUILT_PRODUCTS_DIR; };
		91236D7E1B08F59300734C5E /* Info.plist */ = {isa = PBXFileReference; lastKnownFileType = text.plist.xml; path = Info.plist; sourceTree = "<group>"; };
		91236D871B08F66200734C5E /* SimplePlayEngine.swift */ = {isa = PBXFileReference; fileEncoding = 4; lastKnownFileType = sourcecode.swift; path = SimplePlayEngine.swift; sourceTree = "<group>"; };
		91236D8D1B08FB0300734C5E /* AUv3Harmonizer.mm */ = {isa = PBXFileReference; fileEncoding = 4; lastKnownFileType = sourcecode.cpp.objcpp; path = AUv3Harmonizer.mm; sourceTree = "<group>"; };
		91236D911B09439200734C5E /* HarmonizerViewController+AUAudioUnitFactory.swift */ = {isa = PBXFileReference; fileEncoding = 4; lastKnownFileType = sourcecode.swift; path = "HarmonizerViewController+AUAudioUnitFactory.swift"; sourceTree = "<group>"; };
		9152BF241B09567700D8C6A4 /* HarmonizerViewController.swift */ = {isa = PBXFileReference; fileEncoding = 4; lastKnownFileType = sourcecode.swift; path = HarmonizerViewController.swift; sourceTree = "<group>"; };
		916233C81B127A5000DBD15D /* Base */ = {isa = PBXFileReference; lastKnownFileType = file.storyboard; name = Base; path = Base.lproj/MainInterface.storyboard; sourceTree = "<group>"; };
		91A9356A1B1269F100370383 /* HarmonizerView.swift */ = {isa = PBXFileReference; fileEncoding = 4; lastKnownFileType = sourcecode.swift; path = HarmonizerView.swift; sourceTree = "<group>"; };
		91B6ED7C1B137FFF0001FCE7 /* drumLoop.caf */ = {isa = PBXFileReference; lastKnownFileType = file; path = drumLoop.caf; sourceTree = "<group>"; };
		923B43DC1BA0F04B0020FBB4 /* Base */ = {isa = PBXFileReference; lastKnownFileType = file.storyboard; name = Base; path = Base.lproj/Main.storyboard; sourceTree = "<group>"; };
		92A9E2D61B1CF79900AC811E /* ParameterRamper.hpp */ = {isa = PBXFileReference; lastKnownFileType = sourcecode.cpp.h; path = ParameterRamper.hpp; sourceTree = "<group>"; };
		92AA8D5F1B1D25E6002C3CA1 /* Harmonizer.h */ = {isa = PBXFileReference; lastKnownFileType = sourcecode.c.h; path = Harmonizer.h; sourceTree = "<group>"; };
		92FF864B1B9A4D97007C9389 /* Harmonizer.app */ = {isa = PBXFileReference; explicitFileType = wrapper.application; includeInIndex = 0; path = Harmonizer.app; sourceTree = BUILT_PRODUCTS_DIR; };
		92FF864D1B9A4D97007C9389 /* AppDelegate.h */ = {isa = PBXFileReference; lastKnownFileType = sourcecode.c.h; path = AppDelegate.h; sourceTree = "<group>"; };
		92FF864E1B9A4D97007C9389 /* AppDelegate.m */ = {isa = PBXFileReference; lastKnownFileType = sourcecode.c.objc; path = AppDelegate.m; sourceTree = "<group>"; };
		92FF86511B9A4D97007C9389 /* main.m */ = {isa = PBXFileReference; lastKnownFileType = sourcecode.c.objc; path = main.m; sourceTree = "<group>"; };
		92FF86531B9A4D97007C9389 /* Assets.xcassets */ = {isa = PBXFileReference; lastKnownFileType = folder.assetcatalog; path = Assets.xcassets; sourceTree = "<group>"; };
		92FF86581B9A4D97007C9389 /* Info.plist */ = {isa = PBXFileReference; lastKnownFileType = text.plist.xml; path = Info.plist; sourceTree = "<group>"; };
		92FF865C1B9A51BC007C9389 /* ViewController.h */ = {isa = PBXFileReference; fileEncoding = 4; lastKnownFileType = sourcecode.c.h; path = ViewController.h; sourceTree = "<group>"; };
		92FF865D1B9A51BC007C9389 /* ViewController.m */ = {isa = PBXFileReference; fileEncoding = 4; lastKnownFileType = sourcecode.c.objc; path = ViewController.m; sourceTree = "<group>"; };
		92FF86641B9A525C007C9389 /* FilterDemoAppExtension.appex */ = {isa = PBXFileReference; explicitFileType = "wrapper.app-extension"; includeInIndex = 0; path = FilterDemoAppExtension.appex; sourceTree = BUILT_PRODUCTS_DIR; };
		92FF866A1B9A525C007C9389 /* HarmonizerAppExtensionOSX.entitlements */ = {isa = PBXFileReference; lastKnownFileType = text.plist.entitlements; path = HarmonizerAppExtensionOSX.entitlements; sourceTree = "<group>"; };
		92FF86711B9A525C007C9389 /* Info.plist */ = {isa = PBXFileReference; lastKnownFileType = text.plist.xml; path = Info.plist; sourceTree = "<group>"; };
		92FF86801B9F4EDA007C9389 /* FilterDemoFramework.framework */ = {isa = PBXFileReference; explicitFileType = wrapper.framework; includeInIndex = 0; path = FilterDemoFramework.framework; sourceTree = BUILT_PRODUCTS_DIR; };
		92FF86961B9F52DB007C9389 /* HarmonizerViewController+AUAudioUnitFactory.m */ = {isa = PBXFileReference; fileEncoding = 4; lastKnownFileType = sourcecode.c.objc; path = "HarmonizerViewController+AUAudioUnitFactory.m"; sourceTree = "<group>"; };
		C902E6D3242956DE008CC016 /* MainMenuTableViewController.swift */ = {isa = PBXFileReference; lastKnownFileType = sourcecode.swift; path = MainMenuTableViewController.swift; sourceTree = "<group>"; };
		C9067C8824A152FA007DDA92 /* HarmonizerRelease.entitlements */ = {isa = PBXFileReference; lastKnownFileType = text.plist.entitlements; path = HarmonizerRelease.entitlements; sourceTree = "<group>"; };
		C91216C2206998D200E6BB57 /* PresetController.swift */ = {isa = PBXFileReference; lastKnownFileType = sourcecode.swift; path = PresetController.swift; sourceTree = "<group>"; };
		C92AB160205FF47400BEE933 /* HarmonizerVoicesView.swift */ = {isa = PBXFileReference; lastKnownFileType = sourcecode.swift; path = HarmonizerVoicesView.swift; sourceTree = "<group>"; };
		C93163511FBCE81D00EE1762 /* HarmButton.swift */ = {isa = PBXFileReference; lastKnownFileType = sourcecode.swift; path = HarmButton.swift; sourceTree = "<group>"; };
		C9353FD7210EAD1200AB75D6 /* HarmonizerExtension.entitlements */ = {isa = PBXFileReference; lastKnownFileType = text.plist.entitlements; path = HarmonizerExtension.entitlements; sourceTree = "<group>"; };
		C93ACE53244A67E1009D6D09 /* InterfaceDelegate.swift */ = {isa = PBXFileReference; lastKnownFileType = sourcecode.swift; path = InterfaceDelegate.swift; sourceTree = "<group>"; };
		C93FE6D3243B8CE20068B036 /* ItunesArtwork.png */ = {isa = PBXFileReference; lastKnownFileType = image.png; path = ItunesArtwork.png; sourceTree = "<group>"; };
		C93FE6D5243B8DC00068B036 /* SplashViewController.swift */ = {isa = PBXFileReference; lastKnownFileType = sourcecode.swift; path = SplashViewController.swift; sourceTree = "<group>"; };
		C946818D2190F2B10055AA80 /* MidiReceiver.swift */ = {isa = PBXFileReference; fileEncoding = 4; lastKnownFileType = sourcecode.swift; name = MidiReceiver.swift; path = AppIcon.appiconset/MidiReceiver.swift; sourceTree = "<group>"; };
		C94738261FAA5C0E002C8B3D /* ConfigViewController.swift */ = {isa = PBXFileReference; lastKnownFileType = sourcecode.swift; path = ConfigViewController.swift; sourceTree = "<group>"; };
		C94FC87B202C96F60009E742 /* AppIcon.appiconset */ = {isa = PBXFileReference; lastKnownFileType = folder; path = AppIcon.appiconset; sourceTree = "<group>"; };
		C9510F221FD5E9110000BAC8 /* AudioEngine2.swift */ = {isa = PBXFileReference; lastKnownFileType = sourcecode.swift; path = AudioEngine2.swift; sourceTree = "<group>"; };
		C9657D10243BABBC00D4EAEE /* midi.png */ = {isa = PBXFileReference; lastKnownFileType = image.png; path = midi.png; sourceTree = "<group>"; };
		C96ED35C24312ED10059BBB8 /* AUParameterTableViewCell.swift */ = {isa = PBXFileReference; fileEncoding = 4; lastKnownFileType = sourcecode.swift; path = AUParameterTableViewCell.swift; sourceTree = "<group>"; };
		C96F203B20D7D3B200F43D90 /* BaseView.swift */ = {isa = PBXFileReference; lastKnownFileType = sourcecode.swift; path = BaseView.swift; sourceTree = "<group>"; };
		C96F204120D80B7A00F43D90 /* HarmTableViewCell.swift */ = {isa = PBXFileReference; lastKnownFileType = sourcecode.swift; path = HarmTableViewCell.swift; sourceTree = "<group>"; };
		C96F204420D85CF200F43D90 /* HarmPageViewController.swift */ = {isa = PBXFileReference; lastKnownFileType = sourcecode.swift; path = HarmPageViewController.swift; sourceTree = "<group>"; };
		C96F204820DB02E400F43D90 /* HarmParameterTableView.swift */ = {isa = PBXFileReference; lastKnownFileType = sourcecode.swift; path = HarmParameterTableView.swift; sourceTree = "<group>"; };
		C96F204A20DB032B00F43D90 /* HarmParameterTableViewCell.swift */ = {isa = PBXFileReference; lastKnownFileType = sourcecode.swift; path = HarmParameterTableViewCell.swift; sourceTree = "<group>"; };
		C96F204C20DB042800F43D90 /* SettingsViewController.swift */ = {isa = PBXFileReference; lastKnownFileType = sourcecode.swift; path = SettingsViewController.swift; sourceTree = "<group>"; };
		C96F204E20DC066700F43D90 /* ConfigNavigationController.swift */ = {isa = PBXFileReference; lastKnownFileType = sourcecode.swift; path = ConfigNavigationController.swift; sourceTree = "<group>"; };
		C971B43620FA92A40070F477 /* LabelButton.swift */ = {isa = PBXFileReference; lastKnownFileType = sourcecode.swift; path = LabelButton.swift; sourceTree = "<group>"; };
		C971B43820FE2F710070F477 /* PresetSaveViewController.swift */ = {isa = PBXFileReference; lastKnownFileType = sourcecode.swift; path = PresetSaveViewController.swift; sourceTree = "<group>"; };
		C971B43A2100CECC0070F477 /* HarmonizrMainViewController.swift */ = {isa = PBXFileReference; lastKnownFileType = sourcecode.swift; path = HarmonizrMainViewController.swift; sourceTree = "<group>"; };
		C97B07E222275B7F002FAB96 /* AuSettingsTableViewController.swift */ = {isa = PBXFileReference; lastKnownFileType = sourcecode.swift; path = AuSettingsTableViewController.swift; sourceTree = "<group>"; };
		C97F1B7F20D41121001C26E1 /* ColorTheme.swift */ = {isa = PBXFileReference; lastKnownFileType = sourcecode.swift; path = ColorTheme.swift; sourceTree = "<group>"; };
		C980DB4523077725009BFE25 /* vorbis_lpc.c */ = {isa = PBXFileReference; fileEncoding = 4; lastKnownFileType = sourcecode.c.c; path = vorbis_lpc.c; sourceTree = "<group>"; };
		C980DB4623077725009BFE25 /* vorbis_lpc.h */ = {isa = PBXFileReference; fileEncoding = 4; lastKnownFileType = sourcecode.c.h; path = vorbis_lpc.h; sourceTree = "<group>"; };
		C981C4631FBF9DCB00AF8593 /* AudioToolbox.framework */ = {isa = PBXFileReference; lastKnownFileType = wrapper.framework; name = AudioToolbox.framework; path = Platforms/iPhoneOS.platform/Developer/SDKs/iPhoneOS11.1.sdk/System/Library/Frameworks/AudioToolbox.framework; sourceTree = DEVELOPER_DIR; };
		C981C4651FBF9DCB00AF8593 /* Harmonizer.entitlements */ = {isa = PBXFileReference; lastKnownFileType = text.plist.entitlements; path = Harmonizer.entitlements; sourceTree = "<group>"; };
		C98B854D24BD0064006120A4 /* FilterDemoViewController.m */ = {isa = PBXFileReference; lastKnownFileType = sourcecode.c.objc; name = FilterDemoViewController.m; path = OSX/HarmonizerFramework/FilterDemoViewController.m; sourceTree = SOURCE_ROOT; };
		C98B854E24BD0065006120A4 /* FilterView.m */ = {isa = PBXFileReference; lastKnownFileType = sourcecode.c.objc; name = FilterView.m; path = OSX/HarmonizerFramework/FilterView.m; sourceTree = SOURCE_ROOT; };
		C98B854F24BD0065006120A4 /* FilterDemoViewController_Internal.h */ = {isa = PBXFileReference; lastKnownFileType = sourcecode.c.h; name = FilterDemoViewController_Internal.h; path = OSX/HarmonizerFramework/FilterDemoViewController_Internal.h; sourceTree = SOURCE_ROOT; };
		C98B855024BD0065006120A4 /* FilterDemoViewController.xib */ = {isa = PBXFileReference; lastKnownFileType = file.xib; name = FilterDemoViewController.xib; path = OSX/HarmonizerFramework/FilterDemoViewController.xib; sourceTree = SOURCE_ROOT; };
		C98B855124BD0065006120A4 /* FilterView.h */ = {isa = PBXFileReference; lastKnownFileType = sourcecode.c.h; name = FilterView.h; path = OSX/HarmonizerFramework/FilterView.h; sourceTree = SOURCE_ROOT; };
		C98B855224BD0065006120A4 /* FilterDemoViewController.h */ = {isa = PBXFileReference; lastKnownFileType = sourcecode.c.h; name = FilterDemoViewController.h; path = OSX/HarmonizerFramework/FilterDemoViewController.h; sourceTree = SOURCE_ROOT; };
		C98B855324BD0065006120A4 /* HarmonizerFramework.h */ = {isa = PBXFileReference; lastKnownFileType = sourcecode.c.h; name = HarmonizerFramework.h; path = OSX/HarmonizerFramework/HarmonizerFramework.h; sourceTree = SOURCE_ROOT; };
		C98B855424BD0065006120A4 /* Info.plist */ = {isa = PBXFileReference; lastKnownFileType = text.plist; name = Info.plist; path = OSX/HarmonizerFramework/Info.plist; sourceTree = SOURCE_ROOT; };
		C98B855524BD0065006120A4 /* AUV3Framework.h */ = {isa = PBXFileReference; lastKnownFileType = sourcecode.c.h; name = AUV3Framework.h; path = OSX/HarmonizerFramework/AUV3Framework.h; sourceTree = SOURCE_ROOT; };
		C98E37B31F965FEA0007BD91 /* CoreMIDI.framework */ = {isa = PBXFileReference; lastKnownFileType = wrapper.framework; name = CoreMIDI.framework; path = Platforms/iPhoneOS.platform/Developer/SDKs/iPhoneOS11.0.sdk/System/Library/Frameworks/CoreMIDI.framework; sourceTree = DEVELOPER_DIR; };
		C994EB18210FF2B3000715F8 /* AudioToolbox.framework */ = {isa = PBXFileReference; lastKnownFileType = wrapper.framework; name = AudioToolbox.framework; path = Platforms/iPhoneOS.platform/Developer/SDKs/iPhoneOS11.4.sdk/System/Library/Frameworks/AudioToolbox.framework; sourceTree = DEVELOPER_DIR; };
		C994EB1A210FF2DF000715F8 /* CoreData.framework */ = {isa = PBXFileReference; lastKnownFileType = wrapper.framework; name = CoreData.framework; path = Platforms/iPhoneOS.platform/Developer/SDKs/iPhoneOS11.4.sdk/System/Library/Frameworks/CoreData.framework; sourceTree = DEVELOPER_DIR; };
		C994EB1D21122C8A000715F8 /* PresetModel.xcdatamodel */ = {isa = PBXFileReference; lastKnownFileType = wrapper.xcdatamodel; path = PresetModel.xcdatamodel; sourceTree = "<group>"; };
		C99BB9C62138D50F00D32324 /* HarmonizerDSPKernel.hpp */ = {isa = PBXFileReference; fileEncoding = 4; lastKnownFileType = sourcecode.cpp.h; name = HarmonizerDSPKernel.hpp; path = "harmonizr-dsp/HarmonizerDSPKernel.hpp"; sourceTree = SOURCE_ROOT; };
		C99BB9CA2138D64A00D32324 /* BufferedAudioBus.hpp */ = {isa = PBXFileReference; lastKnownFileType = sourcecode.cpp.h; path = BufferedAudioBus.hpp; sourceTree = "<group>"; };
		C99BB9CB2138D64A00D32324 /* DSPKernel.hpp */ = {isa = PBXFileReference; lastKnownFileType = sourcecode.cpp.h; path = DSPKernel.hpp; sourceTree = "<group>"; };
		C99BB9CC2138D64A00D32324 /* DSPKernel.mm */ = {isa = PBXFileReference; lastKnownFileType = sourcecode.cpp.objcpp; path = DSPKernel.mm; sourceTree = "<group>"; };
		C9A1E35E2203B3350080CF3F /* DSPKernel.hpp */ = {isa = PBXFileReference; fileEncoding = 4; lastKnownFileType = sourcecode.cpp.h; name = DSPKernel.hpp; path = "harmonizr-dsp/DSPKernel.hpp"; sourceTree = SOURCE_ROOT; };
		C9A443092428438800D4BB52 /* FilesTableViewController.swift */ = {isa = PBXFileReference; lastKnownFileType = sourcecode.swift; path = FilesTableViewController.swift; sourceTree = "<group>"; };
		C9A4430B24290D2400D4BB52 /* FilesTableViewCell.swift */ = {isa = PBXFileReference; lastKnownFileType = sourcecode.swift; path = FilesTableViewCell.swift; sourceTree = "<group>"; };
		C9B549AB2306DF9800E48112 /* TestAudioData.h */ = {isa = PBXFileReference; lastKnownFileType = sourcecode.c.h; path = TestAudioData.h; sourceTree = "<group>"; };
		C9B61479211BD49600396B8D /* PresetListViewController.swift */ = {isa = PBXFileReference; lastKnownFileType = sourcecode.swift; path = PresetListViewController.swift; sourceTree = "<group>"; };
		C9C69F8824202D30007F1C90 /* AuParameterTableViewCell.swift */ = {isa = PBXFileReference; lastKnownFileType = sourcecode.swift; path = AuParameterTableViewCell.swift; sourceTree = "<group>"; };
		C9D1959321FFC604006ADB10 /* AudioUnit-BridgingHeader.h */ = {isa = PBXFileReference; lastKnownFileType = sourcecode.c.h; path = "AudioUnit-BridgingHeader.h"; sourceTree = "<group>"; };
		C9D2F8FB2071A5FA000783B2 /* CoreAudioKit.framework */ = {isa = PBXFileReference; lastKnownFileType = wrapper.framework; name = CoreAudioKit.framework; path = Platforms/iPhoneOS.platform/Developer/SDKs/iPhoneOS11.3.sdk/System/Library/Frameworks/CoreAudioKit.framework; sourceTree = DEVELOPER_DIR; };
		C9D2F8FC2071A5FA000783B2 /* Accelerate.framework */ = {isa = PBXFileReference; lastKnownFileType = wrapper.framework; name = Accelerate.framework; path = Platforms/iPhoneOS.platform/Developer/SDKs/iPhoneOS11.3.sdk/System/Library/Frameworks/Accelerate.framework; sourceTree = DEVELOPER_DIR; };
		C9D2F8FD2071A5FA000783B2 /* CoreMIDI.framework */ = {isa = PBXFileReference; lastKnownFileType = wrapper.framework; name = CoreMIDI.framework; path = Platforms/iPhoneOS.platform/Developer/SDKs/iPhoneOS11.3.sdk/System/Library/Frameworks/CoreMIDI.framework; sourceTree = DEVELOPER_DIR; };
		C9D2F9032071A617000783B2 /* AVFoundation.framework */ = {isa = PBXFileReference; lastKnownFileType = wrapper.framework; name = AVFoundation.framework; path = Platforms/iPhoneOS.platform/Developer/SDKs/iPhoneOS11.3.sdk/System/Library/Frameworks/AVFoundation.framework; sourceTree = DEVELOPER_DIR; };
		C9DAB9071FA0D79900DBB180 /* CoreAudioKit.framework */ = {isa = PBXFileReference; lastKnownFileType = wrapper.framework; name = CoreAudioKit.framework; path = Platforms/iPhoneOS.platform/Developer/SDKs/iPhoneOS11.0.sdk/System/Library/Frameworks/CoreAudioKit.framework; sourceTree = DEVELOPER_DIR; };
		C9DFC5E4202F96E900CC776F /* InputViewController.swift */ = {isa = PBXFileReference; lastKnownFileType = sourcecode.swift; path = InputViewController.swift; sourceTree = "<group>"; };
		C9EC31E52065B97D007835AB /* PresetFavoriteViewController.swift */ = {isa = PBXFileReference; lastKnownFileType = sourcecode.swift; path = PresetFavoriteViewController.swift; sourceTree = "<group>"; };
		C9FA08BC20B315D6003CC2EA /* KeyboardView.swift */ = {isa = PBXFileReference; lastKnownFileType = sourcecode.swift; path = KeyboardView.swift; sourceTree = "<group>"; };
		C9FB18FE1FBC82DD00D36A5F /* ReverbViewController.swift */ = {isa = PBXFileReference; lastKnownFileType = sourcecode.swift; path = ReverbViewController.swift; sourceTree = "<group>"; };
		C9FD73F31F8BC69D00346E31 /* Accelerate.framework */ = {isa = PBXFileReference; lastKnownFileType = wrapper.framework; name = Accelerate.framework; path = System/Library/Frameworks/Accelerate.framework; sourceTree = SDKROOT; };
		C9FD73F51F9107D300346E31 /* Accelerate.framework */ = {isa = PBXFileReference; lastKnownFileType = wrapper.framework; name = Accelerate.framework; path = Platforms/iPhoneOS.platform/Developer/SDKs/iPhoneOS11.0.sdk/System/Library/Frameworks/Accelerate.framework; sourceTree = DEVELOPER_DIR; };
/* End PBXFileReference section */

/* Begin PBXFrameworksBuildPhase section */
		91236D0A1B08F42B00734C5E /* Frameworks */ = {
			isa = PBXFrameworksBuildPhase;
			buildActionMask = 2147483647;
			files = (
				C9D2F8FE2071A5FA000783B2 /* CoreAudioKit.framework in Frameworks */,
				C9D2F8FF2071A5FA000783B2 /* Accelerate.framework in Frameworks */,
				C994EB19210FF2B3000715F8 /* AudioToolbox.framework in Frameworks */,
				C9D2F9002071A5FA000783B2 /* CoreMIDI.framework in Frameworks */,
				C918EC6C24BF9D20009A9984 /* HarmonizerFramework.framework in Frameworks */,
			);
			runOnlyForDeploymentPostprocessing = 0;
		};
		91236D511B08F52D00734C5E /* Frameworks */ = {
			isa = PBXFrameworksBuildPhase;
			buildActionMask = 2147483647;
			files = (
				C994EB1B210FF2DF000715F8 /* CoreData.framework in Frameworks */,
				C9D2F9042071A617000783B2 /* AVFoundation.framework in Frameworks */,
				C9D2F9012071A617000783B2 /* Accelerate.framework in Frameworks */,
			);
			runOnlyForDeploymentPostprocessing = 0;
		};
		91236D741B08F59300734C5E /* Frameworks */ = {
			isa = PBXFrameworksBuildPhase;
			buildActionMask = 2147483647;
			files = (
				C918EC6924BF9D0F009A9984 /* HarmonizerFramework.framework in Frameworks */,
			);
			runOnlyForDeploymentPostprocessing = 0;
		};
		92FF86481B9A4D97007C9389 /* Frameworks */ = {
			isa = PBXFrameworksBuildPhase;
			buildActionMask = 2147483647;
			files = (
			);
			runOnlyForDeploymentPostprocessing = 0;
		};
		92FF86611B9A525C007C9389 /* Frameworks */ = {
			isa = PBXFrameworksBuildPhase;
			buildActionMask = 2147483647;
			files = (
				92FF869C1B9F572B007C9389 /* FilterDemoFramework.framework in Frameworks */,
			);
			runOnlyForDeploymentPostprocessing = 0;
		};
		92FF867C1B9F4EDA007C9389 /* Frameworks */ = {
			isa = PBXFrameworksBuildPhase;
			buildActionMask = 2147483647;
			files = (
				C9FD73F41F8BC69D00346E31 /* Accelerate.framework in Frameworks */,
			);
			runOnlyForDeploymentPostprocessing = 0;
		};
/* End PBXFrameworksBuildPhase section */

/* Begin PBXGroup section */
		164896A61C925E0C00AB781D /* Shared */ = {
			isa = PBXGroup;
			children = (
				C99BB9CA2138D64A00D32324 /* BufferedAudioBus.hpp */,
				C99BB9CB2138D64A00D32324 /* DSPKernel.hpp */,
				C99BB9CC2138D64A00D32324 /* DSPKernel.mm */,
				C9A1E35E2203B3350080CF3F /* DSPKernel.hpp */,
				92AA8D5F1B1D25E6002C3CA1 /* Harmonizer.h */,
				91236D8D1B08FB0300734C5E /* AUv3Harmonizer.mm */,
				C9D1959321FFC604006ADB10 /* AudioUnit-BridgingHeader.h */,
				C99BB9C62138D50F00D32324 /* HarmonizerDSPKernel.hpp */,
				C980DB4523077725009BFE25 /* vorbis_lpc.c */,
				C980DB4623077725009BFE25 /* vorbis_lpc.h */,
				C9B549AB2306DF9800E48112 /* TestAudioData.h */,
				92A9E2D61B1CF79900AC811E /* ParameterRamper.hpp */,
			);
			name = Shared;
			path = ../../Shared;
			sourceTree = "<group>";
		};
		30AEE0F81BA3510D00302EB1 /* Harmonizr (iOS) */ = {
			isa = PBXGroup;
			children = (
				91236D0E1B08F42B00734C5E /* HarmonizerApp */,
				91236D561B08F52D00734C5E /* HarmonizerFramework */,
				91236D781B08F59300734C5E /* HarmonizerExtension */,
			);
			name = "Harmonizr (iOS)";
			sourceTree = "<group>";
		};
		30AEE0F91BA3513800302EB1 /* Harmonizr (MacOS) */ = {
			isa = PBXGroup;
			children = (
				C98B854A24BCFFFF006120A4 /* HarmonizerFramework */,
				92FF864C1B9A4D97007C9389 /* HarmonizerApp */,
				92FF86651B9A525C007C9389 /* HarmonizerExtension */,
			);
			name = "Harmonizr (MacOS)";
			sourceTree = "<group>";
		};
		91236D0E1B08F42B00734C5E /* HarmonizerApp */ = {
			isa = PBXGroup;
			children = (
				91236D0F1B08F42B00734C5E /* AppDelegate.swift */,
				91236D111B08F42B00734C5E /* ViewController.swift */,
				C902E6D3242956DE008CC016 /* MainMenuTableViewController.swift */,
				C9510F221FD5E9110000BAC8 /* AudioEngine2.swift */,
				C9FB18FE1FBC82DD00D36A5F /* ReverbViewController.swift */,
				C96ED35C24312ED10059BBB8 /* AUParameterTableViewCell.swift */,
				C96F204120D80B7A00F43D90 /* HarmTableViewCell.swift */,
				C9DFC5E4202F96E900CC776F /* InputViewController.swift */,
				C93FE6D3243B8CE20068B036 /* ItunesArtwork.png */,
				91236D131B08F42B00734C5E /* Main.storyboard */,
				C9A443092428438800D4BB52 /* FilesTableViewController.swift */,
				C9A4430B24290D2400D4BB52 /* FilesTableViewCell.swift */,
				C96F203B20D7D3B200F43D90 /* BaseView.swift */,
				91236D181B08F42B00734C5E /* LaunchScreen.storyboard */,
				C93FE6D5243B8DC00068B036 /* SplashViewController.swift */,
				91236D1B1B08F42B00734C5E /* Info.plist */,
				C97F1B7F20D41121001C26E1 /* ColorTheme.swift */,
				30C0135A1C6D303D00F7E9B4 /* Images.xcassets */,
			);
			name = HarmonizerApp;
			path = iOS/HarmonizerApp;
			sourceTree = "<group>";
		};
		91236D561B08F52D00734C5E /* HarmonizerFramework */ = {
			isa = PBXGroup;
			children = (
				164896A61C925E0C00AB781D /* Shared */,
				C94FC87B202C96F60009E742 /* AppIcon.appiconset */,
				91236D571B08F52D00734C5E /* HarmonizerFramework.h */,
				C946818D2190F2B10055AA80 /* MidiReceiver.swift */,
				C971B43A2100CECC0070F477 /* HarmonizrMainViewController.swift */,
				9152BF241B09567700D8C6A4 /* HarmonizerViewController.swift */,
				C93ACE53244A67E1009D6D09 /* InterfaceDelegate.swift */,
				C971B43620FA92A40070F477 /* LabelButton.swift */,
				C93163511FBCE81D00EE1762 /* HarmButton.swift */,
				C96F204E20DC066700F43D90 /* ConfigNavigationController.swift */,
				C96F204C20DB042800F43D90 /* SettingsViewController.swift */,
				C97B07E222275B7F002FAB96 /* AuSettingsTableViewController.swift */,
				C9C69F8824202D30007F1C90 /* AuParameterTableViewCell.swift */,
				C96F204420D85CF200F43D90 /* HarmPageViewController.swift */,
				C91216C2206998D200E6BB57 /* PresetController.swift */,
				C94738261FAA5C0E002C8B3D /* ConfigViewController.swift */,
				C971B43820FE2F710070F477 /* PresetSaveViewController.swift */,
				C9B61479211BD49600396B8D /* PresetListViewController.swift */,
				C9EC31E52065B97D007835AB /* PresetFavoriteViewController.swift */,
				91A9356A1B1269F100370383 /* HarmonizerView.swift */,
				C9FA08BC20B315D6003CC2EA /* KeyboardView.swift */,
				C9657D10243BABBC00D4EAEE /* midi.png */,
				91236D591B08F52D00734C5E /* Info.plist */,
				C92AB160205FF47400BEE933 /* HarmonizerVoicesView.swift */,
				C96F204820DB02E400F43D90 /* HarmParameterTableView.swift */,
				C96F204A20DB032B00F43D90 /* HarmParameterTableViewCell.swift */,
				C994EB1C21122C8A000715F8 /* PresetModel.xcdatamodeld */,
			);
			name = HarmonizerFramework;
			path = iOS/HarmonizerFramework;
			sourceTree = "<group>";
		};
		91236D781B08F59300734C5E /* HarmonizerExtension */ = {
			isa = PBXGroup;
			children = (
				91236D911B09439200734C5E /* HarmonizerViewController+AUAudioUnitFactory.swift */,
				916233C71B127A5000DBD15D /* MainInterface.storyboard */,
				91236D7E1B08F59300734C5E /* Info.plist */,
			);
			name = HarmonizerExtension;
			path = iOS/HarmonizerExtension;
			sourceTree = "<group>";
		};
		91236D861B08F64600734C5E /* SimplePlayEngine */ = {
			isa = PBXGroup;
			children = (
				91236D871B08F66200734C5E /* SimplePlayEngine.swift */,
				91B6ED7C1B137FFF0001FCE7 /* drumLoop.caf */,
			);
			name = SimplePlayEngine;
			path = ../Shared;
			sourceTree = SOURCE_ROOT;
		};
		9152BF2B1B0958E500D8C6A4 /* Frameworks and Libraries */ = {
			isa = PBXGroup;
			children = (
			);
			name = "Frameworks and Libraries";
			sourceTree = "<group>";
		};
		91D3DA0B1B023C03008FFFBB = {
			isa = PBXGroup;
			children = (
				C9067C8824A152FA007DDA92 /* HarmonizerRelease.entitlements */,
				C9353FD7210EAD1200AB75D6 /* HarmonizerExtension.entitlements */,
				C981C4651FBF9DCB00AF8593 /* Harmonizer.entitlements */,
				3E8E032C1B16387D0011624B /* README.md */,
				30AEE0F81BA3510D00302EB1 /* Harmonizr (iOS) */,
				30AEE0F91BA3513800302EB1 /* Harmonizr (MacOS) */,
				92A10CA51B951C660081EA80 /* Shared Framework Code */,
				91236D861B08F64600734C5E /* SimplePlayEngine */,
				9152BF2B1B0958E500D8C6A4 /* Frameworks and Libraries */,
				91D3DA171B023C1E008FFFBB /* Products */,
				C9FD73F21F8BC69C00346E31 /* Frameworks */,
			);
			sourceTree = "<group>";
		};
		91D3DA171B023C1E008FFFBB /* Products */ = {
			isa = PBXGroup;
			children = (
				91236D0D1B08F42B00734C5E /* Harmonizer.app */,
				91236D551B08F52D00734C5E /* HarmonizerFramework.framework */,
				91236D771B08F59300734C5E /* HarmonizerExtension.appex */,
				92FF864B1B9A4D97007C9389 /* Harmonizer.app */,
				92FF86641B9A525C007C9389 /* FilterDemoAppExtension.appex */,
				92FF86801B9F4EDA007C9389 /* FilterDemoFramework.framework */,
			);
			name = Products;
			sourceTree = "<group>";
		};
		92A10CA51B951C660081EA80 /* Shared Framework Code */ = {
			isa = PBXGroup;
			children = (
			);
			name = "Shared Framework Code";
			path = ../Shared;
			sourceTree = SOURCE_ROOT;
		};
		92FF864C1B9A4D97007C9389 /* HarmonizerApp */ = {
			isa = PBXGroup;
			children = (
				92FF864D1B9A4D97007C9389 /* AppDelegate.h */,
				92FF864E1B9A4D97007C9389 /* AppDelegate.m */,
				92FF865C1B9A51BC007C9389 /* ViewController.h */,
				92FF865D1B9A51BC007C9389 /* ViewController.m */,
				92FF86531B9A4D97007C9389 /* Assets.xcassets */,
				923B43DB1BA0F04B0020FBB4 /* Main.storyboard */,
				92FF86581B9A4D97007C9389 /* Info.plist */,
				92FF86501B9A4D97007C9389 /* Supporting Files */,
			);
			name = HarmonizerApp;
			path = OSX/HarmonizerApp;
			sourceTree = "<group>";
		};
		92FF86501B9A4D97007C9389 /* Supporting Files */ = {
			isa = PBXGroup;
			children = (
				92FF86511B9A4D97007C9389 /* main.m */,
			);
			name = "Supporting Files";
			sourceTree = "<group>";
		};
		92FF86651B9A525C007C9389 /* HarmonizerExtension */ = {
			isa = PBXGroup;
			children = (
				164896A31C9259D400AB781D /* HarmonizerViewController+AUAudioUnitFactory.h */,
				92FF86961B9F52DB007C9389 /* HarmonizerViewController+AUAudioUnitFactory.m */,
				92FF86711B9A525C007C9389 /* Info.plist */,
				92FF86691B9A525C007C9389 /* Supporting Files */,
			);
			name = HarmonizerExtension;
			path = OSX/HarmonizerExtension;
			sourceTree = "<group>";
		};
		92FF86691B9A525C007C9389 /* Supporting Files */ = {
			isa = PBXGroup;
			children = (
				92FF866A1B9A525C007C9389 /* HarmonizerAppExtensionOSX.entitlements */,
			);
			name = "Supporting Files";
			sourceTree = "<group>";
		};
		C98B854A24BCFFFF006120A4 /* HarmonizerFramework */ = {
			isa = PBXGroup;
			children = (
				C98B855524BD0065006120A4 /* AUV3Framework.h */,
				C98B854F24BD0065006120A4 /* FilterDemoViewController_Internal.h */,
				C98B855224BD0065006120A4 /* FilterDemoViewController.h */,
				C98B854D24BD0064006120A4 /* FilterDemoViewController.m */,
				C98B855024BD0065006120A4 /* FilterDemoViewController.xib */,
				C98B855124BD0065006120A4 /* FilterView.h */,
				C98B854E24BD0065006120A4 /* FilterView.m */,
				C98B855324BD0065006120A4 /* HarmonizerFramework.h */,
				C98B855424BD0065006120A4 /* Info.plist */,
			);
			path = HarmonizerFramework;
			sourceTree = "<group>";
		};
		C9FD73F21F8BC69C00346E31 /* Frameworks */ = {
			isa = PBXGroup;
			children = (
				C994EB1A210FF2DF000715F8 /* CoreData.framework */,
				C994EB18210FF2B3000715F8 /* AudioToolbox.framework */,
				C9D2F9032071A617000783B2 /* AVFoundation.framework */,
				C9D2F8FC2071A5FA000783B2 /* Accelerate.framework */,
				C9D2F8FB2071A5FA000783B2 /* CoreAudioKit.framework */,
				C9D2F8FD2071A5FA000783B2 /* CoreMIDI.framework */,
				C981C4631FBF9DCB00AF8593 /* AudioToolbox.framework */,
				C9DAB9071FA0D79900DBB180 /* CoreAudioKit.framework */,
				C98E37B31F965FEA0007BD91 /* CoreMIDI.framework */,
				C9FD73F51F9107D300346E31 /* Accelerate.framework */,
				C9FD73F31F8BC69D00346E31 /* Accelerate.framework */,
			);
			name = Frameworks;
			sourceTree = "<group>";
		};
/* End PBXGroup section */

/* Begin PBXHeadersBuildPhase section */
		91236D521B08F52D00734C5E /* Headers */ = {
			isa = PBXHeadersBuildPhase;
			buildActionMask = 2147483647;
			files = (
				91236D581B08F52D00734C5E /* HarmonizerFramework.h in Headers */,
				C9A1E35F2203B3350080CF3F /* DSPKernel.hpp in Headers */,
				C9D1959421FFC604006ADB10 /* AudioUnit-BridgingHeader.h in Headers */,
				C99BB9C72138D51000D32324 /* HarmonizerDSPKernel.hpp in Headers */,
				92AA8D601B1D28D6002C3CA1 /* Harmonizer.h in Headers */,
				C980DB4923077725009BFE25 /* vorbis_lpc.h in Headers */,
			);
			runOnlyForDeploymentPostprocessing = 0;
		};
		92FF867D1B9F4EDA007C9389 /* Headers */ = {
			isa = PBXHeadersBuildPhase;
			buildActionMask = 2147483647;
			files = (
				C9B549AC2306DF9800E48112 /* TestAudioData.h in Headers */,
			);
			runOnlyForDeploymentPostprocessing = 0;
		};
/* End PBXHeadersBuildPhase section */

/* Begin PBXNativeTarget section */
		91236D0C1B08F42B00734C5E /* iOSHarmonizerApp */ = {
			isa = PBXNativeTarget;
			buildConfigurationList = 91236D271B08F42B00734C5E /* Build configuration list for PBXNativeTarget "iOSHarmonizerApp" */;
			buildPhases = (
				91236D091B08F42B00734C5E /* Sources */,
				91236D0A1B08F42B00734C5E /* Frameworks */,
				91236D0B1B08F42B00734C5E /* Resources */,
				91236D851B08F59300734C5E /* Embed App Extensions */,
				C918EC6E24BF9D20009A9984 /* Embed Frameworks */,
			);
			buildRules = (
			);
			dependencies = (
				91236D691B08F52E00734C5E /* PBXTargetDependency */,
				91236D801B08F59300734C5E /* PBXTargetDependency */,
			);
			name = iOSHarmonizerApp;
			productName = "FilterDemoApp-iOS";
			productReference = 91236D0D1B08F42B00734C5E /* Harmonizer.app */;
			productType = "com.apple.product-type.application";
		};
		91236D541B08F52D00734C5E /* iOSHarmonizerFramework */ = {
			isa = PBXNativeTarget;
			buildConfigurationList = 91236D6C1B08F52E00734C5E /* Build configuration list for PBXNativeTarget "iOSHarmonizerFramework" */;
			buildPhases = (
				91236D501B08F52D00734C5E /* Sources */,
				91236D511B08F52D00734C5E /* Frameworks */,
				91236D521B08F52D00734C5E /* Headers */,
				91236D531B08F52D00734C5E /* Resources */,
			);
			buildRules = (
			);
			dependencies = (
			);
			name = iOSHarmonizerFramework;
			productName = "FilterDemoFramework-iOS";
			productReference = 91236D551B08F52D00734C5E /* HarmonizerFramework.framework */;
			productType = "com.apple.product-type.framework";
		};
		91236D761B08F59300734C5E /* iOSHarmonizerAppExtension */ = {
			isa = PBXNativeTarget;
			buildConfigurationList = 91236D821B08F59300734C5E /* Build configuration list for PBXNativeTarget "iOSHarmonizerAppExtension" */;
			buildPhases = (
				91236D731B08F59300734C5E /* Sources */,
				91236D741B08F59300734C5E /* Frameworks */,
				91236D751B08F59300734C5E /* Resources */,
			);
			buildRules = (
			);
			dependencies = (
				9152BF271B0957AC00D8C6A4 /* PBXTargetDependency */,
			);
			name = iOSHarmonizerAppExtension;
			productName = "FilterDemoAppExtension-iOS";
			productReference = 91236D771B08F59300734C5E /* HarmonizerExtension.appex */;
			productType = "com.apple.product-type.app-extension";
		};
		92FF864A1B9A4D97007C9389 /* OSXFilterDemoApp */ = {
			isa = PBXNativeTarget;
			buildConfigurationList = 92FF865B1B9A4D97007C9389 /* Build configuration list for PBXNativeTarget "OSXFilterDemoApp" */;
			buildPhases = (
				92FF86471B9A4D97007C9389 /* Sources */,
				92FF86481B9A4D97007C9389 /* Frameworks */,
				92FF86491B9A4D97007C9389 /* Resources */,
			);
			buildRules = (
			);
			dependencies = (
				C98B855E24BD0290006120A4 /* PBXTargetDependency */,
				C98B856224BD0290006120A4 /* PBXTargetDependency */,
			);
			name = OSXFilterDemoApp;
			productName = FilterDemoAppOSX;
			productReference = 92FF864B1B9A4D97007C9389 /* Harmonizer.app */;
			productType = "com.apple.product-type.application";
		};
		92FF86631B9A525C007C9389 /* OSXFilterDemoAppExtension */ = {
			isa = PBXNativeTarget;
			buildConfigurationList = 92FF86751B9A525C007C9389 /* Build configuration list for PBXNativeTarget "OSXFilterDemoAppExtension" */;
			buildPhases = (
				92FF86601B9A525C007C9389 /* Sources */,
				92FF86611B9A525C007C9389 /* Frameworks */,
				92FF86621B9A525C007C9389 /* Resources */,
			);
			buildRules = (
			);
			dependencies = (
				30AEE0CC1BA2395800302EB1 /* PBXTargetDependency */,
			);
			name = OSXFilterDemoAppExtension;
			productName = FilterDemoAppExtensionOSX;
			productReference = 92FF86641B9A525C007C9389 /* FilterDemoAppExtension.appex */;
			productType = "com.apple.product-type.app-extension";
		};
		92FF867F1B9F4EDA007C9389 /* OSXFilterDemoFramework */ = {
			isa = PBXNativeTarget;
			buildConfigurationList = 92FF86891B9F4EDA007C9389 /* Build configuration list for PBXNativeTarget "OSXFilterDemoFramework" */;
			buildPhases = (
				92FF867B1B9F4EDA007C9389 /* Sources */,
				92FF867C1B9F4EDA007C9389 /* Frameworks */,
				92FF867D1B9F4EDA007C9389 /* Headers */,
				92FF867E1B9F4EDA007C9389 /* Resources */,
			);
			buildRules = (
			);
			dependencies = (
			);
			name = OSXFilterDemoFramework;
			productName = FilterDemoFrameworkOSX;
			productReference = 92FF86801B9F4EDA007C9389 /* FilterDemoFramework.framework */;
			productType = "com.apple.product-type.framework";
		};
/* End PBXNativeTarget section */

/* Begin PBXProject section */
		91D3DA0C1B023C03008FFFBB /* Project object */ = {
			isa = PBXProject;
			attributes = {
				LastSwiftUpdateCheck = 0730;
				LastUpgradeCheck = 1130;
				TargetAttributes = {
					91236D0C1B08F42B00734C5E = {
						CreatedOnToolsVersion = 7.0;
						DevelopmentTeam = CK78RPQ2FV;
						LastSwiftMigration = 1030;
						ProvisioningStyle = Automatic;
						SystemCapabilities = {
							com.apple.ApplicationGroups.iOS = {
								enabled = 1;
							};
							com.apple.BackgroundModes = {
								enabled = 1;
							};
							com.apple.InterAppAudio = {
								enabled = 1;
							};
						};
					};
					91236D541B08F52D00734C5E = {
						CreatedOnToolsVersion = 7.0;
						DevelopmentTeam = CK78RPQ2FV;
						LastSwiftMigration = 0930;
						ProvisioningStyle = Automatic;
					};
					91236D761B08F59300734C5E = {
						CreatedOnToolsVersion = 7.0;
						DevelopmentTeam = CK78RPQ2FV;
						LastSwiftMigration = 0930;
						SystemCapabilities = {
							com.apple.ApplicationGroups.iOS = {
								enabled = 1;
							};
							com.apple.InterAppAudio = {
								enabled = 0;
							};
						};
					};
					92FF864A1B9A4D97007C9389 = {
						CreatedOnToolsVersion = 7.0;
						DevelopmentTeam = CK78RPQ2FV;
					};
					92FF86631B9A525C007C9389 = {
						CreatedOnToolsVersion = 7.0;
						DevelopmentTeam = CK78RPQ2FV;
						SystemCapabilities = {
							com.apple.Sandbox = {
								enabled = 1;
							};
						};
					};
					92FF867F1B9F4EDA007C9389 = {
						CreatedOnToolsVersion = 7.0;
						DevelopmentTeam = CK78RPQ2FV;
						ProvisioningStyle = Automatic;
					};
				};
			};
			buildConfigurationList = 91D3DA0F1B023C03008FFFBB /* Build configuration list for PBXProject "Harmonizer" */;
			compatibilityVersion = "Xcode 6.3";
			developmentRegion = en;
			hasScannedForEncodings = 0;
			knownRegions = (
				en,
				Base,
			);
			mainGroup = 91D3DA0B1B023C03008FFFBB;
			productRefGroup = 91D3DA171B023C1E008FFFBB /* Products */;
			projectDirPath = "";
			projectRoot = "";
			targets = (
				91236D0C1B08F42B00734C5E /* iOSHarmonizerApp */,
				91236D541B08F52D00734C5E /* iOSHarmonizerFramework */,
				91236D761B08F59300734C5E /* iOSHarmonizerAppExtension */,
				92FF864A1B9A4D97007C9389 /* OSXFilterDemoApp */,
				92FF867F1B9F4EDA007C9389 /* OSXFilterDemoFramework */,
				92FF86631B9A525C007C9389 /* OSXFilterDemoAppExtension */,
			);
		};
/* End PBXProject section */

/* Begin PBXResourcesBuildPhase section */
		91236D0B1B08F42B00734C5E /* Resources */ = {
			isa = PBXResourcesBuildPhase;
			buildActionMask = 2147483647;
			files = (
				91236D1A1B08F42B00734C5E /* LaunchScreen.storyboard in Resources */,
				30C0135B1C6D303D00F7E9B4 /* Images.xcassets in Resources */,
				C94FC87C202C96F70009E742 /* AppIcon.appiconset in Resources */,
				91B6ED7E1B1380220001FCE7 /* drumLoop.caf in Resources */,
				91236D151B08F42B00734C5E /* Main.storyboard in Resources */,
				C93FE6D4243B8CE20068B036 /* ItunesArtwork.png in Resources */,
			);
			runOnlyForDeploymentPostprocessing = 0;
		};
		91236D531B08F52D00734C5E /* Resources */ = {
			isa = PBXResourcesBuildPhase;
			buildActionMask = 2147483647;
			files = (
				C97F1B8220D58260001C26E1 /* AppIcon.appiconset in Resources */,
				C9E48D9820DD457C00F36F9A /* Images.xcassets in Resources */,
				C9657D11243BABBC00D4EAEE /* midi.png in Resources */,
			);
			runOnlyForDeploymentPostprocessing = 0;
		};
		91236D751B08F59300734C5E /* Resources */ = {
			isa = PBXResourcesBuildPhase;
			buildActionMask = 2147483647;
			files = (
				C96F204720D9C1CC00F43D90 /* Images.xcassets in Resources */,
				C97F1B8320D58261001C26E1 /* AppIcon.appiconset in Resources */,
				C9657D12243BABBC00D4EAEE /* midi.png in Resources */,
				916233C91B127A5000DBD15D /* MainInterface.storyboard in Resources */,
			);
			runOnlyForDeploymentPostprocessing = 0;
		};
		92FF86491B9A4D97007C9389 /* Resources */ = {
			isa = PBXResourcesBuildPhase;
			buildActionMask = 2147483647;
			files = (
				9228D9AF1BA1EE6F00EDDEA4 /* drumLoop.caf in Resources */,
				92FF86541B9A4D97007C9389 /* Assets.xcassets in Resources */,
				923B43DD1BA0F04B0020FBB4 /* Main.storyboard in Resources */,
			);
			runOnlyForDeploymentPostprocessing = 0;
		};
		92FF86621B9A525C007C9389 /* Resources */ = {
			isa = PBXResourcesBuildPhase;
			buildActionMask = 2147483647;
			files = (
			);
			runOnlyForDeploymentPostprocessing = 0;
		};
		92FF867E1B9F4EDA007C9389 /* Resources */ = {
			isa = PBXResourcesBuildPhase;
			buildActionMask = 2147483647;
			files = (
			);
			runOnlyForDeploymentPostprocessing = 0;
		};
/* End PBXResourcesBuildPhase section */

/* Begin PBXSourcesBuildPhase section */
		91236D091B08F42B00734C5E /* Sources */ = {
			isa = PBXSourcesBuildPhase;
			buildActionMask = 2147483647;
			files = (
				C96F204620D8606B00F43D90 /* HarmPageViewController.swift in Sources */,
				C9DFC5E5202F96E900CC776F /* InputViewController.swift in Sources */,
				C9280B58243A8D67002C9ED3 /* FilesTableViewCell.swift in Sources */,
				C93FE6D6243B8DC00068B036 /* SplashViewController.swift in Sources */,
				C9C759F9213048F5003DB1E2 /* PresetModel.xcdatamodeld in Sources */,
				C9280B57243A8D63002C9ED3 /* FilesTableViewController.swift in Sources */,
				C96F204220D80B7A00F43D90 /* HarmTableViewCell.swift in Sources */,
				91236D8A1B08F66200734C5E /* SimplePlayEngine.swift in Sources */,
				C946818E2190F2B10055AA80 /* MidiReceiver.swift in Sources */,
				91236D121B08F42B00734C5E /* ViewController.swift in Sources */,
				C980DB4723077725009BFE25 /* vorbis_lpc.c in Sources */,
				C96ED35D24312ED10059BBB8 /* AUParameterTableViewCell.swift in Sources */,
				C97F1B8020D41121001C26E1 /* ColorTheme.swift in Sources */,
				C9FB18FF1FBC82DD00D36A5F /* ReverbViewController.swift in Sources */,
				C96F203C20D7D3B200F43D90 /* BaseView.swift in Sources */,
				C902E6D4242956DE008CC016 /* MainMenuTableViewController.swift in Sources */,
				91236D101B08F42B00734C5E /* AppDelegate.swift in Sources */,
				C9510F231FD5E9110000BAC8 /* AudioEngine2.swift in Sources */,
			);
			runOnlyForDeploymentPostprocessing = 0;
		};
		91236D501B08F52D00734C5E /* Sources */ = {
			isa = PBXSourcesBuildPhase;
			buildActionMask = 2147483647;
			files = (
				C971B43920FE2F710070F477 /* PresetSaveViewController.swift in Sources */,
				91236D8E1B08FB0300734C5E /* AUv3Harmonizer.mm in Sources */,
				C99BB9CD2138D64A00D32324 /* DSPKernel.mm in Sources */,
				C9C69F8924202D30007F1C90 /* AuParameterTableViewCell.swift in Sources */,
				C9B6147A211BD49600396B8D /* PresetListViewController.swift in Sources */,
				C93163531FBCE9A400EE1762 /* HarmButton.swift in Sources */,
				C96F204520D85CF200F43D90 /* HarmPageViewController.swift in Sources */,
				C971B43720FA92A40070F477 /* LabelButton.swift in Sources */,
				C971B43B2100CECC0070F477 /* HarmonizrMainViewController.swift in Sources */,
				C9FA08BD20B315D6003CC2EA /* KeyboardView.swift in Sources */,
				C9EC31E62065B97D007835AB /* PresetFavoriteViewController.swift in Sources */,
				C96F204F20DC066700F43D90 /* ConfigNavigationController.swift in Sources */,
				927A95A41B1D4043007C1F90 /* HarmonizerViewController.swift in Sources */,
				C92AB161205FF47400BEE933 /* HarmonizerVoicesView.swift in Sources */,
				C94738271FAA5C0F002C8B3D /* ConfigViewController.swift in Sources */,
				C9280B55243A8D00002C9ED3 /* FilesTableViewCell.swift in Sources */,
				C994EB1E21122C8A000715F8 /* PresetModel.xcdatamodeld in Sources */,
				C96F204920DB02E400F43D90 /* HarmParameterTableView.swift in Sources */,
				C946818F2190F2B10055AA80 /* MidiReceiver.swift in Sources */,
				C980DB4823077725009BFE25 /* vorbis_lpc.c in Sources */,
				C91216C3206998D200E6BB57 /* PresetController.swift in Sources */,
				C90D4BFE244A6A90006C9420 /* InterfaceDelegate.swift in Sources */,
				C96F204320D80B7A00F43D90 /* HarmTableViewCell.swift in Sources */,
				C97B07E322275B7F002FAB96 /* AuSettingsTableViewController.swift in Sources */,
				C96F203D20D7D3B200F43D90 /* BaseView.swift in Sources */,
				C96F204D20DB042800F43D90 /* SettingsViewController.swift in Sources */,
				C96F204B20DB032B00F43D90 /* HarmParameterTableViewCell.swift in Sources */,
				91A9356B1B1269F100370383 /* HarmonizerView.swift in Sources */,
				C9280B56243A8D06002C9ED3 /* FilesTableViewController.swift in Sources */,
			);
			runOnlyForDeploymentPostprocessing = 0;
		};
		91236D731B08F59300734C5E /* Sources */ = {
			isa = PBXSourcesBuildPhase;
			buildActionMask = 2147483647;
			files = (
				C9C759F8213048F1003DB1E2 /* PresetModel.xcdatamodeld in Sources */,
				C94681902190F2B10055AA80 /* MidiReceiver.swift in Sources */,
				C9FA08BE20B315D6003CC2EA /* KeyboardView.swift in Sources */,
				C9C69F8A24202D30007F1C90 /* AuParameterTableViewCell.swift in Sources */,
				91236D921B09439200734C5E /* HarmonizerViewController+AUAudioUnitFactory.swift in Sources */,
				C92AB162205FF47400BEE933 /* HarmonizerVoicesView.swift in Sources */,
			);
			runOnlyForDeploymentPostprocessing = 0;
		};
		92FF86471B9A4D97007C9389 /* Sources */ = {
			isa = PBXSourcesBuildPhase;
			buildActionMask = 2147483647;
			files = (
				92FF865E1B9A51BD007C9389 /* ViewController.m in Sources */,
				92FF86521B9A4D97007C9389 /* main.m in Sources */,
				92FF864F1B9A4D97007C9389 /* AppDelegate.m in Sources */,
			);
			runOnlyForDeploymentPostprocessing = 0;
		};
		92FF86601B9A525C007C9389 /* Sources */ = {
			isa = PBXSourcesBuildPhase;
			buildActionMask = 2147483647;
			files = (
				1654C7771C7CFE7700C43BF4 /* HarmonizerViewController+AUAudioUnitFactory.m in Sources */,
			);
			runOnlyForDeploymentPostprocessing = 0;
		};
		92FF867B1B9F4EDA007C9389 /* Sources */ = {
			isa = PBXSourcesBuildPhase;
			buildActionMask = 2147483647;
			files = (
				C98B855724BD0065006120A4 /* FilterView.m in Sources */,
				C98B855624BD0065006120A4 /* FilterDemoViewController.m in Sources */,
			);
			runOnlyForDeploymentPostprocessing = 0;
		};
/* End PBXSourcesBuildPhase section */

/* Begin PBXTargetDependency section */
		30AEE0CC1BA2395800302EB1 /* PBXTargetDependency */ = {
			isa = PBXTargetDependency;
			target = 92FF867F1B9F4EDA007C9389 /* OSXFilterDemoFramework */;
			targetProxy = 30AEE0CB1BA2395800302EB1 /* PBXContainerItemProxy */;
		};
		91236D691B08F52E00734C5E /* PBXTargetDependency */ = {
			isa = PBXTargetDependency;
			target = 91236D541B08F52D00734C5E /* iOSHarmonizerFramework */;
			targetProxy = 91236D681B08F52E00734C5E /* PBXContainerItemProxy */;
		};
		91236D801B08F59300734C5E /* PBXTargetDependency */ = {
			isa = PBXTargetDependency;
			target = 91236D761B08F59300734C5E /* iOSHarmonizerAppExtension */;
			targetProxy = 91236D7F1B08F59300734C5E /* PBXContainerItemProxy */;
		};
		9152BF271B0957AC00D8C6A4 /* PBXTargetDependency */ = {
			isa = PBXTargetDependency;
			target = 91236D541B08F52D00734C5E /* iOSHarmonizerFramework */;
			targetProxy = 9152BF261B0957AC00D8C6A4 /* PBXContainerItemProxy */;
		};
		C98B855E24BD0290006120A4 /* PBXTargetDependency */ = {
			isa = PBXTargetDependency;
			target = 92FF86631B9A525C007C9389 /* OSXFilterDemoAppExtension */;
			targetProxy = C98B855D24BD0290006120A4 /* PBXContainerItemProxy */;
		};
		C98B856224BD0290006120A4 /* PBXTargetDependency */ = {
			isa = PBXTargetDependency;
			target = 92FF867F1B9F4EDA007C9389 /* OSXFilterDemoFramework */;
			targetProxy = C98B856124BD0290006120A4 /* PBXContainerItemProxy */;
		};
/* End PBXTargetDependency section */

/* Begin PBXVariantGroup section */
		91236D131B08F42B00734C5E /* Main.storyboard */ = {
			isa = PBXVariantGroup;
			children = (
				91236D141B08F42B00734C5E /* Base */,
			);
			name = Main.storyboard;
			sourceTree = "<group>";
		};
		91236D181B08F42B00734C5E /* LaunchScreen.storyboard */ = {
			isa = PBXVariantGroup;
			children = (
				91236D191B08F42B00734C5E /* Base */,
			);
			name = LaunchScreen.storyboard;
			sourceTree = "<group>";
		};
		916233C71B127A5000DBD15D /* MainInterface.storyboard */ = {
			isa = PBXVariantGroup;
			children = (
				916233C81B127A5000DBD15D /* Base */,
			);
			name = MainInterface.storyboard;
			sourceTree = "<group>";
		};
		923B43DB1BA0F04B0020FBB4 /* Main.storyboard */ = {
			isa = PBXVariantGroup;
			children = (
				923B43DC1BA0F04B0020FBB4 /* Base */,
			);
			name = Main.storyboard;
			sourceTree = "<group>";
		};
/* End PBXVariantGroup section */

/* Begin XCBuildConfiguration section */
		91236D281B08F42B00734C5E /* Debug */ = {
			isa = XCBuildConfiguration;
			buildSettings = {
				ALWAYS_SEARCH_USER_PATHS = NO;
				ASSETCATALOG_COMPILER_APPICON_NAME = iOSAppIcon;
				CLANG_CXX_LANGUAGE_STANDARD = "gnu++0x";
				CLANG_CXX_LIBRARY = "libc++";
				CLANG_ENABLE_MODULES = YES;
				CLANG_ENABLE_OBJC_ARC = YES;
				CLANG_WARN_BOOL_CONVERSION = YES;
				CLANG_WARN_CONSTANT_CONVERSION = YES;
				CLANG_WARN_DIRECT_OBJC_ISA_USAGE = YES_ERROR;
				CLANG_WARN_EMPTY_BODY = YES;
				CLANG_WARN_ENUM_CONVERSION = YES;
				CLANG_WARN_INT_CONVERSION = YES;
				CLANG_WARN_OBJC_ROOT_CLASS = YES_ERROR;
				CLANG_WARN_UNREACHABLE_CODE = YES;
				CLANG_WARN__DUPLICATE_METHOD_MATCH = YES;
				CODE_SIGN_ENTITLEMENTS = Harmonizer.entitlements;
				CODE_SIGN_IDENTITY = "iPhone Developer";
				CODE_SIGN_STYLE = Automatic;
				COPY_PHASE_STRIP = NO;
				CURRENT_PROJECT_VERSION = 9;
				DEBUG_INFORMATION_FORMAT = "dwarf-with-dsym";
				DEVELOPMENT_TEAM = CK78RPQ2FV;
				"ENABLE_HARDENED_RUNTIME[sdk=macosx*]" = YES;
				ENABLE_STRICT_OBJC_MSGSEND = YES;
				ENABLE_TESTABILITY = YES;
				GCC_C_LANGUAGE_STANDARD = gnu99;
				GCC_DYNAMIC_NO_PIC = NO;
				GCC_NO_COMMON_BLOCKS = YES;
				GCC_OPTIMIZATION_LEVEL = 0;
				GCC_PREPROCESSOR_DEFINITIONS = (
					"DEBUG=1",
					"$(inherited)",
				);
				GCC_WARN_64_TO_32_BIT_CONVERSION = YES;
				GCC_WARN_ABOUT_RETURN_TYPE = YES_ERROR;
				GCC_WARN_UNDECLARED_SELECTOR = YES;
				GCC_WARN_UNINITIALIZED_AUTOS = YES_AGGRESSIVE;
				GCC_WARN_UNUSED_FUNCTION = YES;
				GCC_WARN_UNUSED_VARIABLE = YES;
				INFOPLIST_FILE = "$(SRCROOT)/iOS/HarmonizerApp/Info.plist";
				IPHONEOS_DEPLOYMENT_TARGET = 11.0;
				LD_RUNPATH_SEARCH_PATHS = "$(inherited) @executable_path/Frameworks";
				MARKETING_VERSION = 1.6;
				MTL_ENABLE_DEBUG_INFO = YES;
				ONLY_ACTIVE_ARCH = YES;
				PRODUCT_BUNDLE_IDENTIFIER = com.mattrobbinsmusic.Harmonizer;
				PRODUCT_NAME = Harmonizer;
				PROVISIONING_PROFILE_SPECIFIER = "";
				SDKROOT = iphoneos;
				SUPPORTS_MACCATALYST = NO;
				SWIFT_OPTIMIZATION_LEVEL = "-Onone";
				SWIFT_SWIFT3_OBJC_INFERENCE = Default;
				SWIFT_VERSION = 4.0;
				TARGETED_DEVICE_FAMILY = "1,2";
			};
			name = Debug;
		};
		91236D291B08F42B00734C5E /* Release */ = {
			isa = XCBuildConfiguration;
			buildSettings = {
				ALWAYS_SEARCH_USER_PATHS = NO;
				ASSETCATALOG_COMPILER_APPICON_NAME = iOSAppIcon;
				CLANG_CXX_LANGUAGE_STANDARD = "gnu++0x";
				CLANG_CXX_LIBRARY = "libc++";
				CLANG_ENABLE_MODULES = YES;
				CLANG_ENABLE_OBJC_ARC = YES;
				CLANG_WARN_BOOL_CONVERSION = YES;
				CLANG_WARN_CONSTANT_CONVERSION = YES;
				CLANG_WARN_DIRECT_OBJC_ISA_USAGE = YES_ERROR;
				CLANG_WARN_EMPTY_BODY = YES;
				CLANG_WARN_ENUM_CONVERSION = YES;
				CLANG_WARN_INT_CONVERSION = YES;
				CLANG_WARN_OBJC_ROOT_CLASS = YES_ERROR;
				CLANG_WARN_UNREACHABLE_CODE = YES;
				CLANG_WARN__DUPLICATE_METHOD_MATCH = YES;
				CODE_SIGN_ENTITLEMENTS = HarmonizerRelease.entitlements;
				CODE_SIGN_IDENTITY = "iPhone Developer";
				CODE_SIGN_STYLE = Automatic;
				COPY_PHASE_STRIP = NO;
				CURRENT_PROJECT_VERSION = 9;
				DEBUG_INFORMATION_FORMAT = "dwarf-with-dsym";
				DEVELOPMENT_TEAM = CK78RPQ2FV;
				"ENABLE_HARDENED_RUNTIME[sdk=macosx*]" = YES;
				ENABLE_NS_ASSERTIONS = NO;
				ENABLE_STRICT_OBJC_MSGSEND = YES;
				GCC_C_LANGUAGE_STANDARD = gnu99;
				GCC_NO_COMMON_BLOCKS = YES;
				GCC_WARN_64_TO_32_BIT_CONVERSION = YES;
				GCC_WARN_ABOUT_RETURN_TYPE = YES_ERROR;
				GCC_WARN_UNDECLARED_SELECTOR = YES;
				GCC_WARN_UNINITIALIZED_AUTOS = YES_AGGRESSIVE;
				GCC_WARN_UNUSED_FUNCTION = YES;
				GCC_WARN_UNUSED_VARIABLE = YES;
				INFOPLIST_FILE = "$(SRCROOT)/iOS/HarmonizerApp/Info.plist";
				IPHONEOS_DEPLOYMENT_TARGET = 11.0;
				LD_RUNPATH_SEARCH_PATHS = "$(inherited) @executable_path/Frameworks";
				MARKETING_VERSION = 1.6;
				MTL_ENABLE_DEBUG_INFO = NO;
				PRODUCT_BUNDLE_IDENTIFIER = com.mattrobbinsmusic.Harmonizer;
				PRODUCT_NAME = Harmonizer;
				PROVISIONING_PROFILE_SPECIFIER = "";
				SDKROOT = iphoneos;
				SUPPORTS_MACCATALYST = NO;
				SWIFT_OPTIMIZATION_LEVEL = "-Owholemodule";
				SWIFT_SWIFT3_OBJC_INFERENCE = Default;
				SWIFT_VERSION = 4.0;
				TARGETED_DEVICE_FAMILY = "1,2";
				VALIDATE_PRODUCT = YES;
			};
			name = Release;
		};
		91236D6D1B08F52E00734C5E /* Debug */ = {
			isa = XCBuildConfiguration;
			buildSettings = {
				ALWAYS_SEARCH_USER_PATHS = NO;
				APPLICATION_EXTENSION_API_ONLY = NO;
				CLANG_CXX_LANGUAGE_STANDARD = "gnu++0x";
				CLANG_CXX_LIBRARY = "libc++";
				CLANG_ENABLE_MODULES = YES;
				CLANG_ENABLE_OBJC_ARC = YES;
				CLANG_WARN_BOOL_CONVERSION = YES;
				CLANG_WARN_CONSTANT_CONVERSION = YES;
				CLANG_WARN_DIRECT_OBJC_ISA_USAGE = YES_ERROR;
				CLANG_WARN_EMPTY_BODY = YES;
				CLANG_WARN_ENUM_CONVERSION = YES;
				CLANG_WARN_INT_CONVERSION = YES;
				CLANG_WARN_OBJC_ROOT_CLASS = YES_ERROR;
				CLANG_WARN_UNREACHABLE_CODE = YES;
				CLANG_WARN__DUPLICATE_METHOD_MATCH = YES;
				CODE_SIGN_IDENTITY = "";
				"CODE_SIGN_IDENTITY[sdk=iphoneos*]" = "";
				"CODE_SIGN_IDENTITY[sdk=macosx*]" = "-";
				COPY_PHASE_STRIP = NO;
				CURRENT_PROJECT_VERSION = 1;
				DEBUG_INFORMATION_FORMAT = "dwarf-with-dsym";
				DEFINES_MODULE = YES;
				DEVELOPMENT_TEAM = CK78RPQ2FV;
				DYLIB_COMPATIBILITY_VERSION = 1;
				DYLIB_CURRENT_VERSION = 1;
				DYLIB_INSTALL_NAME_BASE = "@rpath";
				ENABLE_STRICT_OBJC_MSGSEND = YES;
				ENABLE_TESTABILITY = YES;
				GCC_C_LANGUAGE_STANDARD = gnu99;
				GCC_DYNAMIC_NO_PIC = NO;
				GCC_NO_COMMON_BLOCKS = YES;
				GCC_OPTIMIZATION_LEVEL = 0;
				GCC_PREPROCESSOR_DEFINITIONS = (
					"DEBUG=1",
					"$(inherited)",
				);
				GCC_WARN_64_TO_32_BIT_CONVERSION = YES;
				GCC_WARN_ABOUT_RETURN_TYPE = YES_ERROR;
				GCC_WARN_UNDECLARED_SELECTOR = YES;
				GCC_WARN_UNINITIALIZED_AUTOS = YES_AGGRESSIVE;
				GCC_WARN_UNUSED_FUNCTION = YES;
				GCC_WARN_UNUSED_VARIABLE = YES;
				INFOPLIST_FILE = "$(SRCROOT)/iOS/HarmonizerFramework/Info.plist";
				INSTALL_PATH = "$(LOCAL_LIBRARY_DIR)/Frameworks";
				IPHONEOS_DEPLOYMENT_TARGET = 11.0;
				LD_RUNPATH_SEARCH_PATHS = "$(inherited) @executable_path/Frameworks @loader_path/Frameworks";
				MTL_ENABLE_DEBUG_INFO = YES;
				ONLY_ACTIVE_ARCH = YES;
				PRODUCT_BUNDLE_IDENTIFIER = com.mattrobbinsmusic.HarmonizerFramework;
				"PRODUCT_BUNDLE_IDENTIFIER[sdk=macosx*]" = com.mattrobbinsmusic.HarmonizerFramework;
				PRODUCT_NAME = HarmonizerFramework;
				SDKROOT = iphoneos;
				SKIP_INSTALL = YES;
				SUPPORTS_MACCATALYST = NO;
				SWIFT_OBJC_BRIDGING_HEADER = "";
				SWIFT_OPTIMIZATION_LEVEL = "-Onone";
				SWIFT_SWIFT3_OBJC_INFERENCE = Default;
				SWIFT_VERSION = 4.0;
				TARGETED_DEVICE_FAMILY = "1,2";
				VERSIONING_SYSTEM = "apple-generic";
				VERSION_INFO_PREFIX = "";
			};
			name = Debug;
		};
		91236D6E1B08F52E00734C5E /* Release */ = {
			isa = XCBuildConfiguration;
			buildSettings = {
				ALWAYS_SEARCH_USER_PATHS = NO;
				APPLICATION_EXTENSION_API_ONLY = NO;
				CLANG_CXX_LANGUAGE_STANDARD = "gnu++0x";
				CLANG_CXX_LIBRARY = "libc++";
				CLANG_ENABLE_MODULES = YES;
				CLANG_ENABLE_OBJC_ARC = YES;
				CLANG_WARN_BOOL_CONVERSION = YES;
				CLANG_WARN_CONSTANT_CONVERSION = YES;
				CLANG_WARN_DIRECT_OBJC_ISA_USAGE = YES_ERROR;
				CLANG_WARN_EMPTY_BODY = YES;
				CLANG_WARN_ENUM_CONVERSION = YES;
				CLANG_WARN_INT_CONVERSION = YES;
				CLANG_WARN_OBJC_ROOT_CLASS = YES_ERROR;
				CLANG_WARN_UNREACHABLE_CODE = YES;
				CLANG_WARN__DUPLICATE_METHOD_MATCH = YES;
				CODE_SIGN_IDENTITY = "";
				"CODE_SIGN_IDENTITY[sdk=iphoneos*]" = "";
				"CODE_SIGN_IDENTITY[sdk=macosx*]" = "-";
				COPY_PHASE_STRIP = NO;
				CURRENT_PROJECT_VERSION = 1;
				DEBUG_INFORMATION_FORMAT = "dwarf-with-dsym";
				DEFINES_MODULE = YES;
				DEVELOPMENT_TEAM = CK78RPQ2FV;
				DYLIB_COMPATIBILITY_VERSION = 1;
				DYLIB_CURRENT_VERSION = 1;
				DYLIB_INSTALL_NAME_BASE = "@rpath";
				ENABLE_NS_ASSERTIONS = NO;
				ENABLE_STRICT_OBJC_MSGSEND = YES;
				GCC_C_LANGUAGE_STANDARD = gnu99;
				GCC_NO_COMMON_BLOCKS = YES;
				GCC_OPTIMIZATION_LEVEL = fast;
				GCC_WARN_64_TO_32_BIT_CONVERSION = YES;
				GCC_WARN_ABOUT_RETURN_TYPE = YES_ERROR;
				GCC_WARN_UNDECLARED_SELECTOR = YES;
				GCC_WARN_UNINITIALIZED_AUTOS = YES_AGGRESSIVE;
				GCC_WARN_UNUSED_FUNCTION = YES;
				GCC_WARN_UNUSED_VARIABLE = YES;
				INFOPLIST_FILE = "$(SRCROOT)/iOS/HarmonizerFramework/Info.plist";
				INSTALL_PATH = "$(LOCAL_LIBRARY_DIR)/Frameworks";
				IPHONEOS_DEPLOYMENT_TARGET = 11.0;
				LD_RUNPATH_SEARCH_PATHS = "$(inherited) @executable_path/Frameworks @loader_path/Frameworks";
				MTL_ENABLE_DEBUG_INFO = NO;
				PRODUCT_BUNDLE_IDENTIFIER = com.mattrobbinsmusic.HarmonizerFramework;
				"PRODUCT_BUNDLE_IDENTIFIER[sdk=macosx*]" = com.mattrobbinsmusic.HarmonizerFramework;
				PRODUCT_NAME = HarmonizerFramework;
				SDKROOT = iphoneos;
				SKIP_INSTALL = YES;
				SUPPORTS_MACCATALYST = NO;
				SWIFT_OBJC_BRIDGING_HEADER = "";
				SWIFT_OPTIMIZATION_LEVEL = "-Owholemodule";
				SWIFT_SWIFT3_OBJC_INFERENCE = Default;
				SWIFT_VERSION = 4.0;
				TARGETED_DEVICE_FAMILY = "1,2";
				VALIDATE_PRODUCT = YES;
				VERSIONING_SYSTEM = "apple-generic";
				VERSION_INFO_PREFIX = "";
			};
			name = Release;
		};
		91236D831B08F59300734C5E /* Debug */ = {
			isa = XCBuildConfiguration;
			buildSettings = {
				ALWAYS_SEARCH_USER_PATHS = NO;
				CLANG_CXX_LANGUAGE_STANDARD = "gnu++0x";
				CLANG_CXX_LIBRARY = "libc++";
				CLANG_ENABLE_MODULES = YES;
				CLANG_ENABLE_OBJC_ARC = YES;
				CLANG_WARN_BOOL_CONVERSION = YES;
				CLANG_WARN_CONSTANT_CONVERSION = YES;
				CLANG_WARN_DIRECT_OBJC_ISA_USAGE = YES_ERROR;
				CLANG_WARN_EMPTY_BODY = YES;
				CLANG_WARN_ENUM_CONVERSION = YES;
				CLANG_WARN_INT_CONVERSION = YES;
				CLANG_WARN_OBJC_ROOT_CLASS = YES_ERROR;
				CLANG_WARN_UNREACHABLE_CODE = YES;
				CLANG_WARN__DUPLICATE_METHOD_MATCH = YES;
				CODE_SIGN_ENTITLEMENTS = HarmonizerExtension.entitlements;
				CODE_SIGN_IDENTITY = "iPhone Developer";
				COPY_PHASE_STRIP = NO;
				CURRENT_PROJECT_VERSION = 9;
				DEBUG_INFORMATION_FORMAT = "dwarf-with-dsym";
				DEVELOPMENT_TEAM = CK78RPQ2FV;
				"ENABLE_HARDENED_RUNTIME[sdk=macosx*]" = YES;
				ENABLE_STRICT_OBJC_MSGSEND = YES;
				ENABLE_TESTABILITY = YES;
				GCC_C_LANGUAGE_STANDARD = gnu99;
				GCC_DYNAMIC_NO_PIC = NO;
				GCC_NO_COMMON_BLOCKS = YES;
				GCC_OPTIMIZATION_LEVEL = 0;
				GCC_PREPROCESSOR_DEFINITIONS = (
					"DEBUG=1",
					"$(inherited)",
				);
				GCC_WARN_64_TO_32_BIT_CONVERSION = YES;
				GCC_WARN_ABOUT_RETURN_TYPE = YES_ERROR;
				GCC_WARN_UNDECLARED_SELECTOR = YES;
				GCC_WARN_UNINITIALIZED_AUTOS = YES_AGGRESSIVE;
				GCC_WARN_UNUSED_FUNCTION = YES;
				GCC_WARN_UNUSED_VARIABLE = YES;
				INFOPLIST_FILE = "$(SRCROOT)/iOS/HarmonizerExtension/Info.plist";
				IPHONEOS_DEPLOYMENT_TARGET = 11.0;
				LD_RUNPATH_SEARCH_PATHS = "$(inherited) @executable_path/Frameworks @executable_path/../../Frameworks";
				MARKETING_VERSION = 1.6;
				MTL_ENABLE_DEBUG_INFO = YES;
				ONLY_ACTIVE_ARCH = YES;
				PRODUCT_BUNDLE_IDENTIFIER = com.mattrobbinsmusic.Harmonizer.HarmonizerExtension;
				PRODUCT_NAME = HarmonizerExtension;
				SDKROOT = iphoneos;
				SKIP_INSTALL = YES;
				SUPPORTS_MACCATALYST = NO;
				SWIFT_OBJC_BRIDGING_HEADER = "/Users/matt/code/audioUnitExamples/Harmonizr/Shared/AudioUnit-BridgingHeader.h";
				SWIFT_OPTIMIZATION_LEVEL = "-Onone";
				SWIFT_SWIFT3_OBJC_INFERENCE = Default;
				SWIFT_VERSION = 4.0;
				TARGETED_DEVICE_FAMILY = "1,2";
			};
			name = Debug;
		};
		91236D841B08F59300734C5E /* Release */ = {
			isa = XCBuildConfiguration;
			buildSettings = {
				ALWAYS_SEARCH_USER_PATHS = NO;
				CLANG_CXX_LANGUAGE_STANDARD = "gnu++0x";
				CLANG_CXX_LIBRARY = "libc++";
				CLANG_ENABLE_MODULES = YES;
				CLANG_ENABLE_OBJC_ARC = YES;
				CLANG_WARN_BOOL_CONVERSION = YES;
				CLANG_WARN_CONSTANT_CONVERSION = YES;
				CLANG_WARN_DIRECT_OBJC_ISA_USAGE = YES_ERROR;
				CLANG_WARN_EMPTY_BODY = YES;
				CLANG_WARN_ENUM_CONVERSION = YES;
				CLANG_WARN_INT_CONVERSION = YES;
				CLANG_WARN_OBJC_ROOT_CLASS = YES_ERROR;
				CLANG_WARN_UNREACHABLE_CODE = YES;
				CLANG_WARN__DUPLICATE_METHOD_MATCH = YES;
				CODE_SIGN_ENTITLEMENTS = HarmonizerExtension.entitlements;
				CODE_SIGN_IDENTITY = "iPhone Developer";
				COPY_PHASE_STRIP = NO;
				CURRENT_PROJECT_VERSION = 9;
				DEBUG_INFORMATION_FORMAT = "dwarf-with-dsym";
				DEVELOPMENT_TEAM = CK78RPQ2FV;
				"ENABLE_HARDENED_RUNTIME[sdk=macosx*]" = YES;
				ENABLE_NS_ASSERTIONS = NO;
				ENABLE_STRICT_OBJC_MSGSEND = YES;
				GCC_C_LANGUAGE_STANDARD = gnu99;
				GCC_NO_COMMON_BLOCKS = YES;
				GCC_WARN_64_TO_32_BIT_CONVERSION = YES;
				GCC_WARN_ABOUT_RETURN_TYPE = YES_ERROR;
				GCC_WARN_UNDECLARED_SELECTOR = YES;
				GCC_WARN_UNINITIALIZED_AUTOS = YES_AGGRESSIVE;
				GCC_WARN_UNUSED_FUNCTION = YES;
				GCC_WARN_UNUSED_VARIABLE = YES;
				INFOPLIST_FILE = "$(SRCROOT)/iOS/HarmonizerExtension/Info.plist";
				IPHONEOS_DEPLOYMENT_TARGET = 11.0;
				LD_RUNPATH_SEARCH_PATHS = "$(inherited) @executable_path/Frameworks @executable_path/../../Frameworks";
				MARKETING_VERSION = 1.6;
				MTL_ENABLE_DEBUG_INFO = NO;
				PRODUCT_BUNDLE_IDENTIFIER = com.mattrobbinsmusic.Harmonizer.HarmonizerExtension;
				PRODUCT_NAME = HarmonizerExtension;
				SDKROOT = iphoneos;
				SKIP_INSTALL = YES;
				SUPPORTS_MACCATALYST = NO;
				SWIFT_OBJC_BRIDGING_HEADER = "/Users/matt/code/audioUnitExamples/Harmonizr/Shared/AudioUnit-BridgingHeader.h";
				SWIFT_OPTIMIZATION_LEVEL = "-Owholemodule";
				SWIFT_SWIFT3_OBJC_INFERENCE = Default;
				SWIFT_VERSION = 4.0;
				TARGETED_DEVICE_FAMILY = "1,2";
				VALIDATE_PRODUCT = YES;
			};
			name = Release;
		};
		91D3DA101B023C03008FFFBB /* Debug */ = {
			isa = XCBuildConfiguration;
			buildSettings = {
				CLANG_ANALYZER_LOCALIZABILITY_NONLOCALIZED = YES;
				CLANG_WARN_BLOCK_CAPTURE_AUTORELEASING = YES;
				CLANG_WARN_BOOL_CONVERSION = YES;
				CLANG_WARN_COMMA = YES;
				CLANG_WARN_CONSTANT_CONVERSION = YES;
				CLANG_WARN_DEPRECATED_OBJC_IMPLEMENTATIONS = YES;
				CLANG_WARN_EMPTY_BODY = YES;
				CLANG_WARN_ENUM_CONVERSION = YES;
				CLANG_WARN_INFINITE_RECURSION = YES;
				CLANG_WARN_INT_CONVERSION = YES;
				CLANG_WARN_NON_LITERAL_NULL_CONVERSION = YES;
				CLANG_WARN_OBJC_IMPLICIT_RETAIN_SELF = YES;
				CLANG_WARN_OBJC_LITERAL_CONVERSION = YES;
				CLANG_WARN_RANGE_LOOP_ANALYSIS = YES;
				CLANG_WARN_STRICT_PROTOTYPES = YES;
				CLANG_WARN_SUSPICIOUS_MOVE = YES;
				CLANG_WARN_UNREACHABLE_CODE = YES;
				CLANG_WARN__DUPLICATE_METHOD_MATCH = YES;
				ENABLE_STRICT_OBJC_MSGSEND = YES;
				ENABLE_TESTABILITY = YES;
				GCC_NO_COMMON_BLOCKS = YES;
				GCC_WARN_64_TO_32_BIT_CONVERSION = YES;
				GCC_WARN_ABOUT_RETURN_TYPE = YES;
				GCC_WARN_UNDECLARED_SELECTOR = YES;
				GCC_WARN_UNINITIALIZED_AUTOS = YES;
				GCC_WARN_UNUSED_FUNCTION = YES;
				GCC_WARN_UNUSED_VARIABLE = YES;
				IPHONEOS_DEPLOYMENT_TARGET = 10.0;
				MACOSX_DEPLOYMENT_TARGET = 10.15;
				ONLY_ACTIVE_ARCH = YES;
				SWIFT_VERSION = 4.2;
			};
			name = Debug;
		};
		91D3DA111B023C03008FFFBB /* Release */ = {
			isa = XCBuildConfiguration;
			buildSettings = {
				CLANG_ANALYZER_LOCALIZABILITY_NONLOCALIZED = YES;
				CLANG_WARN_BLOCK_CAPTURE_AUTORELEASING = YES;
				CLANG_WARN_BOOL_CONVERSION = YES;
				CLANG_WARN_COMMA = YES;
				CLANG_WARN_CONSTANT_CONVERSION = YES;
				CLANG_WARN_DEPRECATED_OBJC_IMPLEMENTATIONS = YES;
				CLANG_WARN_EMPTY_BODY = YES;
				CLANG_WARN_ENUM_CONVERSION = YES;
				CLANG_WARN_INFINITE_RECURSION = YES;
				CLANG_WARN_INT_CONVERSION = YES;
				CLANG_WARN_NON_LITERAL_NULL_CONVERSION = YES;
				CLANG_WARN_OBJC_IMPLICIT_RETAIN_SELF = YES;
				CLANG_WARN_OBJC_LITERAL_CONVERSION = YES;
				CLANG_WARN_RANGE_LOOP_ANALYSIS = YES;
				CLANG_WARN_STRICT_PROTOTYPES = YES;
				CLANG_WARN_SUSPICIOUS_MOVE = YES;
				CLANG_WARN_UNREACHABLE_CODE = YES;
				CLANG_WARN__DUPLICATE_METHOD_MATCH = YES;
				ENABLE_STRICT_OBJC_MSGSEND = YES;
				GCC_NO_COMMON_BLOCKS = YES;
				GCC_WARN_64_TO_32_BIT_CONVERSION = YES;
				GCC_WARN_ABOUT_RETURN_TYPE = YES;
				GCC_WARN_UNDECLARED_SELECTOR = YES;
				GCC_WARN_UNINITIALIZED_AUTOS = YES;
				GCC_WARN_UNUSED_FUNCTION = YES;
				GCC_WARN_UNUSED_VARIABLE = YES;
				IPHONEOS_DEPLOYMENT_TARGET = 10.0;
				MACOSX_DEPLOYMENT_TARGET = 10.15;
				SWIFT_OPTIMIZATION_LEVEL = "-Owholemodule";
				SWIFT_VERSION = 4.2;
			};
			name = Release;
		};
		92FF86591B9A4D97007C9389 /* Debug */ = {
			isa = XCBuildConfiguration;
			buildSettings = {
				ALWAYS_SEARCH_USER_PATHS = NO;
				ASSETCATALOG_COMPILER_APPICON_NAME = iOSAppIcon;
				CLANG_CXX_LANGUAGE_STANDARD = "gnu++0x";
				CLANG_CXX_LIBRARY = "libc++";
				CLANG_ENABLE_MODULES = YES;
				CLANG_ENABLE_OBJC_ARC = YES;
				CLANG_WARN_BOOL_CONVERSION = YES;
				CLANG_WARN_CONSTANT_CONVERSION = YES;
				CLANG_WARN_DIRECT_OBJC_ISA_USAGE = YES_ERROR;
				CLANG_WARN_EMPTY_BODY = YES;
				CLANG_WARN_ENUM_CONVERSION = YES;
				CLANG_WARN_INT_CONVERSION = YES;
				CLANG_WARN_OBJC_ROOT_CLASS = YES_ERROR;
				CLANG_WARN_UNREACHABLE_CODE = YES;
				CLANG_WARN__DUPLICATE_METHOD_MATCH = YES;
				CODE_SIGN_IDENTITY = "Mac Developer";
				COMBINE_HIDPI_IMAGES = YES;
				COPY_PHASE_STRIP = NO;
				DEBUG_INFORMATION_FORMAT = dwarf;
				DEFINES_MODULE = YES;
				DEVELOPMENT_TEAM = CK78RPQ2FV;
				ENABLE_HARDENED_RUNTIME = YES;
				ENABLE_STRICT_OBJC_MSGSEND = YES;
				ENABLE_TESTABILITY = YES;
				GCC_C_LANGUAGE_STANDARD = gnu99;
				GCC_DYNAMIC_NO_PIC = NO;
				GCC_NO_COMMON_BLOCKS = YES;
				GCC_OPTIMIZATION_LEVEL = 0;
				GCC_PREPROCESSOR_DEFINITIONS = (
					"DEBUG=1",
					"$(inherited)",
				);
				GCC_WARN_64_TO_32_BIT_CONVERSION = YES;
				GCC_WARN_ABOUT_RETURN_TYPE = YES_ERROR;
				GCC_WARN_UNDECLARED_SELECTOR = YES;
				GCC_WARN_UNINITIALIZED_AUTOS = YES_AGGRESSIVE;
				GCC_WARN_UNUSED_FUNCTION = YES;
				GCC_WARN_UNUSED_VARIABLE = YES;
				INFOPLIST_FILE = OSX/FilterDemoApp/Info.plist;
				LD_RUNPATH_SEARCH_PATHS = "$(inherited) @executable_path/../Frameworks";
				MACOSX_DEPLOYMENT_TARGET = 10.11;
				MARKETING_VERSION = 1.6;
				MTL_ENABLE_DEBUG_INFO = YES;
				ONLY_ACTIVE_ARCH = YES;
				PRODUCT_BUNDLE_IDENTIFIER = com.mattrobbinsmusic.Harmonizer;
				PRODUCT_NAME = Harmonizer;
				SDKROOT = macosx;
				SWIFT_VERSION = 3.0;
			};
			name = Debug;
		};
		92FF865A1B9A4D97007C9389 /* Release */ = {
			isa = XCBuildConfiguration;
			buildSettings = {
				ALWAYS_SEARCH_USER_PATHS = NO;
				ASSETCATALOG_COMPILER_APPICON_NAME = iOSAppIcon;
				CLANG_CXX_LANGUAGE_STANDARD = "gnu++0x";
				CLANG_CXX_LIBRARY = "libc++";
				CLANG_ENABLE_MODULES = YES;
				CLANG_ENABLE_OBJC_ARC = YES;
				CLANG_WARN_BOOL_CONVERSION = YES;
				CLANG_WARN_CONSTANT_CONVERSION = YES;
				CLANG_WARN_DIRECT_OBJC_ISA_USAGE = YES_ERROR;
				CLANG_WARN_EMPTY_BODY = YES;
				CLANG_WARN_ENUM_CONVERSION = YES;
				CLANG_WARN_INT_CONVERSION = YES;
				CLANG_WARN_OBJC_ROOT_CLASS = YES_ERROR;
				CLANG_WARN_UNREACHABLE_CODE = YES;
				CLANG_WARN__DUPLICATE_METHOD_MATCH = YES;
				CODE_SIGN_IDENTITY = "Mac Developer";
				COMBINE_HIDPI_IMAGES = YES;
				COPY_PHASE_STRIP = NO;
				DEBUG_INFORMATION_FORMAT = "dwarf-with-dsym";
				DEFINES_MODULE = YES;
				DEVELOPMENT_TEAM = CK78RPQ2FV;
				ENABLE_HARDENED_RUNTIME = YES;
				ENABLE_NS_ASSERTIONS = NO;
				ENABLE_STRICT_OBJC_MSGSEND = YES;
				GCC_C_LANGUAGE_STANDARD = gnu99;
				GCC_NO_COMMON_BLOCKS = YES;
				GCC_WARN_64_TO_32_BIT_CONVERSION = YES;
				GCC_WARN_ABOUT_RETURN_TYPE = YES_ERROR;
				GCC_WARN_UNDECLARED_SELECTOR = YES;
				GCC_WARN_UNINITIALIZED_AUTOS = YES_AGGRESSIVE;
				GCC_WARN_UNUSED_FUNCTION = YES;
				GCC_WARN_UNUSED_VARIABLE = YES;
				INFOPLIST_FILE = OSX/FilterDemoApp/Info.plist;
				LD_RUNPATH_SEARCH_PATHS = "$(inherited) @executable_path/../Frameworks";
				MACOSX_DEPLOYMENT_TARGET = 10.11;
				MARKETING_VERSION = 1.6;
				MTL_ENABLE_DEBUG_INFO = NO;
				PRODUCT_BUNDLE_IDENTIFIER = com.mattrobbinsmusic.Harmonizer;
				PRODUCT_NAME = Harmonizer;
				SDKROOT = macosx;
				SWIFT_OPTIMIZATION_LEVEL = "-Owholemodule";
				SWIFT_VERSION = 3.0;
			};
			name = Release;
		};
		92FF86761B9A525C007C9389 /* Debug */ = {
			isa = XCBuildConfiguration;
			buildSettings = {
				ALWAYS_SEARCH_USER_PATHS = NO;
				CLANG_CXX_LANGUAGE_STANDARD = "gnu++0x";
				CLANG_CXX_LIBRARY = "libc++";
				CLANG_ENABLE_MODULES = YES;
				CLANG_ENABLE_OBJC_ARC = YES;
				CLANG_WARN_BOOL_CONVERSION = YES;
				CLANG_WARN_CONSTANT_CONVERSION = YES;
				CLANG_WARN_DIRECT_OBJC_ISA_USAGE = YES_ERROR;
				CLANG_WARN_EMPTY_BODY = YES;
				CLANG_WARN_ENUM_CONVERSION = YES;
				CLANG_WARN_INT_CONVERSION = YES;
				CLANG_WARN_OBJC_ROOT_CLASS = YES_ERROR;
				CLANG_WARN_UNREACHABLE_CODE = YES;
				CLANG_WARN__DUPLICATE_METHOD_MATCH = YES;
				CODE_SIGN_ENTITLEMENTS = OSX/HarmonizerExtension/HarmonizerAppExtensionOSX.entitlements;
				CODE_SIGN_IDENTITY = "Mac Developer";
				COMBINE_HIDPI_IMAGES = YES;
				COPY_PHASE_STRIP = NO;
				DEBUG_INFORMATION_FORMAT = dwarf;
				DEVELOPMENT_TEAM = CK78RPQ2FV;
				ENABLE_HARDENED_RUNTIME = YES;
				ENABLE_STRICT_OBJC_MSGSEND = YES;
				ENABLE_TESTABILITY = YES;
				GCC_C_LANGUAGE_STANDARD = gnu99;
				GCC_DYNAMIC_NO_PIC = NO;
				GCC_NO_COMMON_BLOCKS = YES;
				GCC_OPTIMIZATION_LEVEL = 0;
				GCC_PREPROCESSOR_DEFINITIONS = (
					"DEBUG=1",
					"$(inherited)",
				);
				GCC_WARN_64_TO_32_BIT_CONVERSION = YES;
				GCC_WARN_ABOUT_RETURN_TYPE = YES_ERROR;
				GCC_WARN_UNDECLARED_SELECTOR = YES;
				GCC_WARN_UNINITIALIZED_AUTOS = YES_AGGRESSIVE;
				GCC_WARN_UNUSED_FUNCTION = YES;
				GCC_WARN_UNUSED_VARIABLE = YES;
				INFOPLIST_FILE = OSX/FilterDemoAppExtension/Info.plist;
				LD_RUNPATH_SEARCH_PATHS = "$(inherited) @executable_path/../Frameworks @executable_path/../../../../Frameworks";
				MACOSX_DEPLOYMENT_TARGET = 10.11;
				MARKETING_VERSION = 1.6;
				MTL_ENABLE_DEBUG_INFO = YES;
				ONLY_ACTIVE_ARCH = YES;
				PRODUCT_BUNDLE_IDENTIFIER = com.mattrobbins.FilterDemoAppOSX.FilterDemoAppExtensionOSX;
				PRODUCT_NAME = FilterDemoAppExtension;
				SDKROOT = macosx;
				SKIP_INSTALL = YES;
			};
			name = Debug;
		};
		92FF86771B9A525C007C9389 /* Release */ = {
			isa = XCBuildConfiguration;
			buildSettings = {
				ALWAYS_SEARCH_USER_PATHS = NO;
				CLANG_CXX_LANGUAGE_STANDARD = "gnu++0x";
				CLANG_CXX_LIBRARY = "libc++";
				CLANG_ENABLE_MODULES = YES;
				CLANG_ENABLE_OBJC_ARC = YES;
				CLANG_WARN_BOOL_CONVERSION = YES;
				CLANG_WARN_CONSTANT_CONVERSION = YES;
				CLANG_WARN_DIRECT_OBJC_ISA_USAGE = YES_ERROR;
				CLANG_WARN_EMPTY_BODY = YES;
				CLANG_WARN_ENUM_CONVERSION = YES;
				CLANG_WARN_INT_CONVERSION = YES;
				CLANG_WARN_OBJC_ROOT_CLASS = YES_ERROR;
				CLANG_WARN_UNREACHABLE_CODE = YES;
				CLANG_WARN__DUPLICATE_METHOD_MATCH = YES;
				CODE_SIGN_ENTITLEMENTS = OSX/HarmonizerExtension/HarmonizerAppExtensionOSX.entitlements;
				CODE_SIGN_IDENTITY = "Mac Developer";
				COMBINE_HIDPI_IMAGES = YES;
				COPY_PHASE_STRIP = NO;
				DEBUG_INFORMATION_FORMAT = "dwarf-with-dsym";
				DEVELOPMENT_TEAM = CK78RPQ2FV;
				ENABLE_HARDENED_RUNTIME = YES;
				ENABLE_NS_ASSERTIONS = NO;
				ENABLE_STRICT_OBJC_MSGSEND = YES;
				GCC_C_LANGUAGE_STANDARD = gnu99;
				GCC_NO_COMMON_BLOCKS = YES;
				GCC_WARN_64_TO_32_BIT_CONVERSION = YES;
				GCC_WARN_ABOUT_RETURN_TYPE = YES_ERROR;
				GCC_WARN_UNDECLARED_SELECTOR = YES;
				GCC_WARN_UNINITIALIZED_AUTOS = YES_AGGRESSIVE;
				GCC_WARN_UNUSED_FUNCTION = YES;
				GCC_WARN_UNUSED_VARIABLE = YES;
				INFOPLIST_FILE = OSX/FilterDemoAppExtension/Info.plist;
				LD_RUNPATH_SEARCH_PATHS = "$(inherited) @executable_path/../Frameworks @executable_path/../../../../Frameworks";
				MACOSX_DEPLOYMENT_TARGET = 10.11;
				MARKETING_VERSION = 1.6;
				MTL_ENABLE_DEBUG_INFO = NO;
				PRODUCT_BUNDLE_IDENTIFIER = com.mattrobbins.FilterDemoAppOSX.FilterDemoAppExtensionOSX;
				PRODUCT_NAME = FilterDemoAppExtension;
				SDKROOT = macosx;
				SKIP_INSTALL = YES;
			};
			name = Release;
		};
		92FF868A1B9F4EDA007C9389 /* Debug */ = {
			isa = XCBuildConfiguration;
			buildSettings = {
				ALWAYS_SEARCH_USER_PATHS = NO;
				APPLICATION_EXTENSION_API_ONLY = YES;
				CLANG_CXX_LANGUAGE_STANDARD = "gnu++0x";
				CLANG_CXX_LIBRARY = "libc++";
				CLANG_ENABLE_MODULES = YES;
				CLANG_ENABLE_OBJC_ARC = YES;
				CLANG_WARN_BOOL_CONVERSION = YES;
				CLANG_WARN_CONSTANT_CONVERSION = YES;
				CLANG_WARN_DIRECT_OBJC_ISA_USAGE = YES_ERROR;
				CLANG_WARN_EMPTY_BODY = YES;
				CLANG_WARN_ENUM_CONVERSION = YES;
				CLANG_WARN_INT_CONVERSION = YES;
				CLANG_WARN_OBJC_ROOT_CLASS = YES_ERROR;
				CLANG_WARN_UNREACHABLE_CODE = YES;
				CLANG_WARN__DUPLICATE_METHOD_MATCH = YES;
				CODE_SIGN_IDENTITY = "";
				CODE_SIGN_STYLE = Automatic;
				COMBINE_HIDPI_IMAGES = YES;
				COPY_PHASE_STRIP = NO;
				CURRENT_PROJECT_VERSION = 1;
				DEBUG_INFORMATION_FORMAT = dwarf;
				DEFINES_MODULE = YES;
				DEVELOPMENT_TEAM = CK78RPQ2FV;
				DYLIB_COMPATIBILITY_VERSION = 1;
				DYLIB_CURRENT_VERSION = 1;
				DYLIB_INSTALL_NAME_BASE = "@rpath";
				ENABLE_STRICT_OBJC_MSGSEND = YES;
				ENABLE_TESTABILITY = YES;
				FRAMEWORK_VERSION = A;
				GCC_C_LANGUAGE_STANDARD = gnu99;
				GCC_DYNAMIC_NO_PIC = NO;
				GCC_NO_COMMON_BLOCKS = YES;
				GCC_OPTIMIZATION_LEVEL = 0;
				GCC_PREPROCESSOR_DEFINITIONS = (
					"DEBUG=1",
					"$(inherited)",
				);
				GCC_WARN_64_TO_32_BIT_CONVERSION = YES;
				GCC_WARN_ABOUT_RETURN_TYPE = YES_ERROR;
				GCC_WARN_UNDECLARED_SELECTOR = YES;
				GCC_WARN_UNINITIALIZED_AUTOS = YES_AGGRESSIVE;
				GCC_WARN_UNUSED_FUNCTION = YES;
				GCC_WARN_UNUSED_VARIABLE = YES;
				INFOPLIST_FILE = OSX/FilterDemoFramework/Info.plist;
				INSTALL_PATH = "$(LOCAL_LIBRARY_DIR)/Frameworks";
				LD_RUNPATH_SEARCH_PATHS = "$(inherited) @executable_path/../Frameworks @loader_path/Frameworks";
				MACOSX_DEPLOYMENT_TARGET = 10.11;
				MTL_ENABLE_DEBUG_INFO = YES;
				ONLY_ACTIVE_ARCH = YES;
				PRODUCT_BUNDLE_IDENTIFIER = com.mattrobbins.FilterDemoFramework;
				PRODUCT_NAME = FilterDemoFramework;
				PROVISIONING_PROFILE_SPECIFIER = "";
				SDKROOT = macosx;
				SKIP_INSTALL = YES;
				VERSIONING_SYSTEM = "apple-generic";
				VERSION_INFO_PREFIX = "";
			};
			name = Debug;
		};
		92FF868B1B9F4EDA007C9389 /* Release */ = {
			isa = XCBuildConfiguration;
			buildSettings = {
				ALWAYS_SEARCH_USER_PATHS = NO;
				APPLICATION_EXTENSION_API_ONLY = YES;
				CLANG_CXX_LANGUAGE_STANDARD = "gnu++0x";
				CLANG_CXX_LIBRARY = "libc++";
				CLANG_ENABLE_MODULES = YES;
				CLANG_ENABLE_OBJC_ARC = YES;
				CLANG_WARN_BOOL_CONVERSION = YES;
				CLANG_WARN_CONSTANT_CONVERSION = YES;
				CLANG_WARN_DIRECT_OBJC_ISA_USAGE = YES_ERROR;
				CLANG_WARN_EMPTY_BODY = YES;
				CLANG_WARN_ENUM_CONVERSION = YES;
				CLANG_WARN_INT_CONVERSION = YES;
				CLANG_WARN_OBJC_ROOT_CLASS = YES_ERROR;
				CLANG_WARN_UNREACHABLE_CODE = YES;
				CLANG_WARN__DUPLICATE_METHOD_MATCH = YES;
				CODE_SIGN_IDENTITY = "";
				CODE_SIGN_STYLE = Automatic;
				COMBINE_HIDPI_IMAGES = YES;
				COPY_PHASE_STRIP = NO;
				CURRENT_PROJECT_VERSION = 1;
				DEBUG_INFORMATION_FORMAT = "dwarf-with-dsym";
				DEFINES_MODULE = YES;
				DEVELOPMENT_TEAM = CK78RPQ2FV;
				DYLIB_COMPATIBILITY_VERSION = 1;
				DYLIB_CURRENT_VERSION = 1;
				DYLIB_INSTALL_NAME_BASE = "@rpath";
				ENABLE_NS_ASSERTIONS = NO;
				ENABLE_STRICT_OBJC_MSGSEND = YES;
				FRAMEWORK_VERSION = A;
				GCC_C_LANGUAGE_STANDARD = gnu99;
				GCC_NO_COMMON_BLOCKS = YES;
				GCC_WARN_64_TO_32_BIT_CONVERSION = YES;
				GCC_WARN_ABOUT_RETURN_TYPE = YES_ERROR;
				GCC_WARN_UNDECLARED_SELECTOR = YES;
				GCC_WARN_UNINITIALIZED_AUTOS = YES_AGGRESSIVE;
				GCC_WARN_UNUSED_FUNCTION = YES;
				GCC_WARN_UNUSED_VARIABLE = YES;
				INFOPLIST_FILE = OSX/FilterDemoFramework/Info.plist;
				INSTALL_PATH = "$(LOCAL_LIBRARY_DIR)/Frameworks";
				LD_RUNPATH_SEARCH_PATHS = "$(inherited) @executable_path/../Frameworks @loader_path/Frameworks";
				MACOSX_DEPLOYMENT_TARGET = 10.11;
				MTL_ENABLE_DEBUG_INFO = NO;
				PRODUCT_BUNDLE_IDENTIFIER = com.mattrobbins.FilterDemoFramework;
				PRODUCT_NAME = FilterDemoFramework;
				PROVISIONING_PROFILE_SPECIFIER = "";
				SDKROOT = macosx;
				SKIP_INSTALL = YES;
				VERSIONING_SYSTEM = "apple-generic";
				VERSION_INFO_PREFIX = "";
			};
			name = Release;
		};
/* End XCBuildConfiguration section */

/* Begin XCConfigurationList section */
		91236D271B08F42B00734C5E /* Build configuration list for PBXNativeTarget "iOSHarmonizerApp" */ = {
			isa = XCConfigurationList;
			buildConfigurations = (
				91236D281B08F42B00734C5E /* Debug */,
				91236D291B08F42B00734C5E /* Release */,
			);
			defaultConfigurationIsVisible = 0;
			defaultConfigurationName = Release;
		};
		91236D6C1B08F52E00734C5E /* Build configuration list for PBXNativeTarget "iOSHarmonizerFramework" */ = {
			isa = XCConfigurationList;
			buildConfigurations = (
				91236D6D1B08F52E00734C5E /* Debug */,
				91236D6E1B08F52E00734C5E /* Release */,
			);
			defaultConfigurationIsVisible = 0;
			defaultConfigurationName = Release;
		};
		91236D821B08F59300734C5E /* Build configuration list for PBXNativeTarget "iOSHarmonizerAppExtension" */ = {
			isa = XCConfigurationList;
			buildConfigurations = (
				91236D831B08F59300734C5E /* Debug */,
				91236D841B08F59300734C5E /* Release */,
			);
			defaultConfigurationIsVisible = 0;
			defaultConfigurationName = Release;
		};
		91D3DA0F1B023C03008FFFBB /* Build configuration list for PBXProject "Harmonizer" */ = {
			isa = XCConfigurationList;
			buildConfigurations = (
				91D3DA101B023C03008FFFBB /* Debug */,
				91D3DA111B023C03008FFFBB /* Release */,
			);
			defaultConfigurationIsVisible = 0;
			defaultConfigurationName = Release;
		};
		92FF865B1B9A4D97007C9389 /* Build configuration list for PBXNativeTarget "OSXFilterDemoApp" */ = {
			isa = XCConfigurationList;
			buildConfigurations = (
				92FF86591B9A4D97007C9389 /* Debug */,
				92FF865A1B9A4D97007C9389 /* Release */,
			);
			defaultConfigurationIsVisible = 0;
			defaultConfigurationName = Release;
		};
		92FF86751B9A525C007C9389 /* Build configuration list for PBXNativeTarget "OSXFilterDemoAppExtension" */ = {
			isa = XCConfigurationList;
			buildConfigurations = (
				92FF86761B9A525C007C9389 /* Debug */,
				92FF86771B9A525C007C9389 /* Release */,
			);
			defaultConfigurationIsVisible = 0;
			defaultConfigurationName = Release;
		};
		92FF86891B9F4EDA007C9389 /* Build configuration list for PBXNativeTarget "OSXFilterDemoFramework" */ = {
			isa = XCConfigurationList;
			buildConfigurations = (
				92FF868A1B9F4EDA007C9389 /* Debug */,
				92FF868B1B9F4EDA007C9389 /* Release */,
			);
			defaultConfigurationIsVisible = 0;
			defaultConfigurationName = Release;
		};
/* End XCConfigurationList section */

/* Begin XCVersionGroup section */
		C994EB1C21122C8A000715F8 /* PresetModel.xcdatamodeld */ = {
			isa = XCVersionGroup;
			children = (
				C994EB1D21122C8A000715F8 /* PresetModel.xcdatamodel */,
			);
			currentVersion = C994EB1D21122C8A000715F8 /* PresetModel.xcdatamodel */;
			path = PresetModel.xcdatamodeld;
			sourceTree = "<group>";
			versionGroupType = wrapper.xcdatamodel;
		};
/* End XCVersionGroup section */
	};
	rootObject = 91D3DA0C1B023C03008FFFBB /* Project object */;
}
